// !$*UTF8*$!
{
	archiveVersion = 1;
	classes = {
	};
	objectVersion = 46;
	objects = {

/* Begin PBXBuildFile section */
		1D3623260D0F684500981E51 /* JJGWebViewAppDelegate.m in Sources */ = {isa = PBXBuildFile; fileRef = 1D3623250D0F684500981E51 /* JJGWebViewAppDelegate.m */; };
		1D60589B0D05DD56006BFB54 /* main.m in Sources */ = {isa = PBXBuildFile; fileRef = 29B97316FDCFA39411CA2CEA /* main.m */; };
		1D60589F0D05DD5A006BFB54 /* Foundation.framework in Frameworks */ = {isa = PBXBuildFile; fileRef = 1D30AB110D05D00D00671497 /* Foundation.framework */; };
		1DF5F4E00D08C38300B7A737 /* UIKit.framework in Frameworks */ = {isa = PBXBuildFile; fileRef = 1DF5F4DF0D08C38300B7A737 /* UIKit.framework */; };
		288765A50DF7441C002DB57D /* CoreGraphics.framework in Frameworks */ = {isa = PBXBuildFile; fileRef = 288765A40DF7441C002DB57D /* CoreGraphics.framework */; };
		2899E5220DE3E06400AC0155 /* JJGWebViewViewController.xib in Resources */ = {isa = PBXBuildFile; fileRef = 2899E5210DE3E06400AC0155 /* JJGWebViewViewController.xib */; };
		28AD733F0D9D9553002E5188 /* MainWindow.xib in Resources */ = {isa = PBXBuildFile; fileRef = 28AD733E0D9D9553002E5188 /* MainWindow.xib */; };
		28D7ACF80DDB3853001CB0EB /* JJGWebViewViewController.m in Sources */ = {isa = PBXBuildFile; fileRef = 28D7ACF70DDB3853001CB0EB /* JJGWebViewViewController.m */; };
		B009556E133953EF00038801 /* MainWindow-iPad.xib in Resources */ = {isa = PBXBuildFile; fileRef = B009556D133953EF00038801 /* MainWindow-iPad.xib */; };
		B0CA72A915F282550095A8C3 /* Twitter.framework in Frameworks */ = {isa = PBXBuildFile; fileRef = B0CA72A815F282550095A8C3 /* Twitter.framework */; };
		C31CA5EE1329C355006AF5B0 /* icon-29.png in Resources */ = {isa = PBXBuildFile; fileRef = C31CA5E91329C355006AF5B0 /* icon-29.png */; };
		C31CA5EF1329C355006AF5B0 /* icon-57.png in Resources */ = {isa = PBXBuildFile; fileRef = C31CA5EA1329C355006AF5B0 /* icon-57.png */; };
		C31CA5F01329C355006AF5B0 /* icon-72.png in Resources */ = {isa = PBXBuildFile; fileRef = C31CA5EB1329C355006AF5B0 /* icon-72.png */; };
		C31CA5F11329C355006AF5B0 /* icon-114.png in Resources */ = {isa = PBXBuildFile; fileRef = C31CA5EC1329C355006AF5B0 /* icon-114.png */; };
		C31CA5F21329C355006AF5B0 /* iTunesArtwork in Resources */ = {isa = PBXBuildFile; fileRef = C31CA5ED1329C355006AF5B0 /* iTunesArtwork */; };
		C3516C7613297C1400106633 /* MessageUI.framework in Frameworks */ = {isa = PBXBuildFile; fileRef = C3516C7513297C1400106633 /* MessageUI.framework */; };
		C3516C7813297C1400106633 /* Security.framework in Frameworks */ = {isa = PBXBuildFile; fileRef = C3516C7713297C1400106633 /* Security.framework */; };
		C3516C7A13297C1400106633 /* SystemConfiguration.framework in Frameworks */ = {isa = PBXBuildFile; fileRef = C3516C7913297C1400106633 /* SystemConfiguration.framework */; };
		C357A98F1329C6B9008FB8E4 /* JJGWebView.m in Sources */ = {isa = PBXBuildFile; fileRef = C357A9881329C6B9008FB8E4 /* JJGWebView.m */; };
		C357A9901329C6BA008FB8E4 /* back-arrow.png in Resources */ = {isa = PBXBuildFile; fileRef = C357A98A1329C6B9008FB8E4 /* back-arrow.png */; };
		C357A9911329C6BA008FB8E4 /* back-arrow@2x.png in Resources */ = {isa = PBXBuildFile; fileRef = C357A98B1329C6B9008FB8E4 /* back-arrow@2x.png */; };
		C357A9921329C6BA008FB8E4 /* forward-arrow.png in Resources */ = {isa = PBXBuildFile; fileRef = C357A98C1329C6B9008FB8E4 /* forward-arrow.png */; };
		C357A9931329C6BA008FB8E4 /* forward-arrow@2x.png in Resources */ = {isa = PBXBuildFile; fileRef = C357A98D1329C6B9008FB8E4 /* forward-arrow@2x.png */; };
		C357A9941329C6BA008FB8E4 /* JJGWebView.xib in Resources */ = {isa = PBXBuildFile; fileRef = C357A98E1329C6B9008FB8E4 /* JJGWebView.xib */; };
/* End PBXBuildFile section */

/* Begin PBXFileReference section */
		1D30AB110D05D00D00671497 /* Foundation.framework */ = {isa = PBXFileReference; lastKnownFileType = wrapper.framework; name = Foundation.framework; path = System/Library/Frameworks/Foundation.framework; sourceTree = SDKROOT; };
		1D3623240D0F684500981E51 /* JJGWebViewAppDelegate.h */ = {isa = PBXFileReference; fileEncoding = 4; lastKnownFileType = sourcecode.c.h; path = JJGWebViewAppDelegate.h; sourceTree = "<group>"; };
		1D3623250D0F684500981E51 /* JJGWebViewAppDelegate.m */ = {isa = PBXFileReference; fileEncoding = 4; lastKnownFileType = sourcecode.c.objc; path = JJGWebViewAppDelegate.m; sourceTree = "<group>"; };
		1D6058910D05DD3D006BFB54 /* JJGWebView.app */ = {isa = PBXFileReference; explicitFileType = wrapper.application; includeInIndex = 0; path = JJGWebView.app; sourceTree = BUILT_PRODUCTS_DIR; };
		1DF5F4DF0D08C38300B7A737 /* UIKit.framework */ = {isa = PBXFileReference; lastKnownFileType = wrapper.framework; name = UIKit.framework; path = System/Library/Frameworks/UIKit.framework; sourceTree = SDKROOT; };
		288765A40DF7441C002DB57D /* CoreGraphics.framework */ = {isa = PBXFileReference; lastKnownFileType = wrapper.framework; name = CoreGraphics.framework; path = System/Library/Frameworks/CoreGraphics.framework; sourceTree = SDKROOT; };
		2899E5210DE3E06400AC0155 /* JJGWebViewViewController.xib */ = {isa = PBXFileReference; lastKnownFileType = file.xib; path = JJGWebViewViewController.xib; sourceTree = "<group>"; };
		28AD733E0D9D9553002E5188 /* MainWindow.xib */ = {isa = PBXFileReference; lastKnownFileType = file.xib; path = MainWindow.xib; sourceTree = "<group>"; };
		28D7ACF60DDB3853001CB0EB /* JJGWebViewViewController.h */ = {isa = PBXFileReference; fileEncoding = 4; lastKnownFileType = sourcecode.c.h; path = JJGWebViewViewController.h; sourceTree = "<group>"; };
		28D7ACF70DDB3853001CB0EB /* JJGWebViewViewController.m */ = {isa = PBXFileReference; fileEncoding = 4; lastKnownFileType = sourcecode.c.objc; path = JJGWebViewViewController.m; sourceTree = "<group>"; };
		29B97316FDCFA39411CA2CEA /* main.m */ = {isa = PBXFileReference; fileEncoding = 4; lastKnownFileType = sourcecode.c.objc; path = main.m; sourceTree = "<group>"; };
		32CA4F630368D1EE00C91783 /* JJGWebView_Prefix.pch */ = {isa = PBXFileReference; fileEncoding = 4; lastKnownFileType = sourcecode.c.h; path = JJGWebView_Prefix.pch; sourceTree = "<group>"; };
		8D1107310486CEB800E47090 /* JJGWebView-Info.plist */ = {isa = PBXFileReference; fileEncoding = 4; lastKnownFileType = text.plist.xml; path = "JJGWebView-Info.plist"; plistStructureDefinitionIdentifier = "com.apple.xcode.plist.structure-definition.iphone.info-plist"; sourceTree = "<group>"; };
		B009556D133953EF00038801 /* MainWindow-iPad.xib */ = {isa = PBXFileReference; lastKnownFileType = file.xib; name = "MainWindow-iPad.xib"; path = "Resources-iPad/MainWindow-iPad.xib"; sourceTree = "<group>"; };
		B0CA72A815F282550095A8C3 /* Twitter.framework */ = {isa = PBXFileReference; lastKnownFileType = wrapper.framework; name = Twitter.framework; path = System/Library/Frameworks/Twitter.framework; sourceTree = SDKROOT; };
		C31CA5E91329C355006AF5B0 /* icon-29.png */ = {isa = PBXFileReference; lastKnownFileType = image.png; name = "icon-29.png"; path = "Resources/icon-29.png"; sourceTree = "<group>"; };
		C31CA5EA1329C355006AF5B0 /* icon-57.png */ = {isa = PBXFileReference; lastKnownFileType = image.png; name = "icon-57.png"; path = "Resources/icon-57.png"; sourceTree = "<group>"; };
		C31CA5EB1329C355006AF5B0 /* icon-72.png */ = {isa = PBXFileReference; lastKnownFileType = image.png; name = "icon-72.png"; path = "Resources/icon-72.png"; sourceTree = "<group>"; };
		C31CA5EC1329C355006AF5B0 /* icon-114.png */ = {isa = PBXFileReference; lastKnownFileType = image.png; name = "icon-114.png"; path = "Resources/icon-114.png"; sourceTree = "<group>"; };
		C31CA5ED1329C355006AF5B0 /* iTunesArtwork */ = {isa = PBXFileReference; lastKnownFileType = file; name = iTunesArtwork; path = Resources/iTunesArtwork; sourceTree = "<group>"; };
		C3516C7513297C1400106633 /* MessageUI.framework */ = {isa = PBXFileReference; lastKnownFileType = wrapper.framework; name = MessageUI.framework; path = System/Library/Frameworks/MessageUI.framework; sourceTree = SDKROOT; };
		C3516C7713297C1400106633 /* Security.framework */ = {isa = PBXFileReference; lastKnownFileType = wrapper.framework; name = Security.framework; path = System/Library/Frameworks/Security.framework; sourceTree = SDKROOT; };
		C3516C7913297C1400106633 /* SystemConfiguration.framework */ = {isa = PBXFileReference; lastKnownFileType = wrapper.framework; name = SystemConfiguration.framework; path = System/Library/Frameworks/SystemConfiguration.framework; sourceTree = SDKROOT; };
		C357A9871329C6B9008FB8E4 /* JJGWebView.h */ = {isa = PBXFileReference; fileEncoding = 4; lastKnownFileType = sourcecode.c.h; path = JJGWebView.h; sourceTree = "<group>"; };
		C357A9881329C6B9008FB8E4 /* JJGWebView.m */ = {isa = PBXFileReference; fileEncoding = 4; lastKnownFileType = sourcecode.c.objc; path = JJGWebView.m; sourceTree = "<group>"; };
		C357A98A1329C6B9008FB8E4 /* back-arrow.png */ = {isa = PBXFileReference; lastKnownFileType = image.png; path = "back-arrow.png"; sourceTree = "<group>"; };
		C357A98B1329C6B9008FB8E4 /* back-arrow@2x.png */ = {isa = PBXFileReference; lastKnownFileType = image.png; path = "back-arrow@2x.png"; sourceTree = "<group>"; };
		C357A98C1329C6B9008FB8E4 /* forward-arrow.png */ = {isa = PBXFileReference; lastKnownFileType = image.png; path = "forward-arrow.png"; sourceTree = "<group>"; };
		C357A98D1329C6B9008FB8E4 /* forward-arrow@2x.png */ = {isa = PBXFileReference; lastKnownFileType = image.png; path = "forward-arrow@2x.png"; sourceTree = "<group>"; };
		C357A98E1329C6B9008FB8E4 /* JJGWebView.xib */ = {isa = PBXFileReference; lastKnownFileType = file.xib; path = JJGWebView.xib; sourceTree = "<group>"; };
/* End PBXFileReference section */

/* Begin PBXFrameworksBuildPhase section */
		1D60588F0D05DD3D006BFB54 /* Frameworks */ = {
			isa = PBXFrameworksBuildPhase;
			buildActionMask = 2147483647;
			files = (
				B0CA72A915F282550095A8C3 /* Twitter.framework in Frameworks */,
				1D60589F0D05DD5A006BFB54 /* Foundation.framework in Frameworks */,
				1DF5F4E00D08C38300B7A737 /* UIKit.framework in Frameworks */,
				288765A50DF7441C002DB57D /* CoreGraphics.framework in Frameworks */,
				C3516C7613297C1400106633 /* MessageUI.framework in Frameworks */,
				C3516C7813297C1400106633 /* Security.framework in Frameworks */,
				C3516C7A13297C1400106633 /* SystemConfiguration.framework in Frameworks */,
			);
			runOnlyForDeploymentPostprocessing = 0;
		};
/* End PBXFrameworksBuildPhase section */

/* Begin PBXGroup section */
		080E96DDFE201D6D7F000001 /* Classes */ = {
			isa = PBXGroup;
			children = (
				1D3623240D0F684500981E51 /* JJGWebViewAppDelegate.h */,
				1D3623250D0F684500981E51 /* JJGWebViewAppDelegate.m */,
				28D7ACF60DDB3853001CB0EB /* JJGWebViewViewController.h */,
				28D7ACF70DDB3853001CB0EB /* JJGWebViewViewController.m */,
			);
			path = Classes;
			sourceTree = "<group>";
		};
		19C28FACFE9D520D11CA2CBB /* Products */ = {
			isa = PBXGroup;
			children = (
				1D6058910D05DD3D006BFB54 /* JJGWebView.app */,
			);
			name = Products;
			sourceTree = "<group>";
		};
		29B97314FDCFA39411CA2CEA /* CustomTemplate */ = {
			isa = PBXGroup;
			children = (
				C357A9851329C6B9008FB8E4 /* JJGWebView */,
				080E96DDFE201D6D7F000001 /* Classes */,
				29B97315FDCFA39411CA2CEA /* Other Sources */,
				29B97317FDCFA39411CA2CEA /* Resources */,
				B009556C133953EE00038801 /* Resources-iPad */,
				29B97323FDCFA39411CA2CEA /* Frameworks */,
				19C28FACFE9D520D11CA2CBB /* Products */,
			);
			name = CustomTemplate;
			sourceTree = "<group>";
		};
		29B97315FDCFA39411CA2CEA /* Other Sources */ = {
			isa = PBXGroup;
			children = (
				32CA4F630368D1EE00C91783 /* JJGWebView_Prefix.pch */,
				29B97316FDCFA39411CA2CEA /* main.m */,
			);
			name = "Other Sources";
			sourceTree = "<group>";
		};
		29B97317FDCFA39411CA2CEA /* Resources */ = {
			isa = PBXGroup;
			children = (
				C31CA5E71329C34B006AF5B0 /* Icon */,
				2899E5210DE3E06400AC0155 /* JJGWebViewViewController.xib */,
				28AD733E0D9D9553002E5188 /* MainWindow.xib */,
				8D1107310486CEB800E47090 /* JJGWebView-Info.plist */,
			);
			name = Resources;
			sourceTree = "<group>";
		};
		29B97323FDCFA39411CA2CEA /* Frameworks */ = {
			isa = PBXGroup;
			children = (
				1DF5F4DF0D08C38300B7A737 /* UIKit.framework */,
				1D30AB110D05D00D00671497 /* Foundation.framework */,
				288765A40DF7441C002DB57D /* CoreGraphics.framework */,
				B0CA72A815F282550095A8C3 /* Twitter.framework */,
				C3516C7513297C1400106633 /* MessageUI.framework */,
				C3516C7713297C1400106633 /* Security.framework */,
				C3516C7913297C1400106633 /* SystemConfiguration.framework */,
			);
			name = Frameworks;
			sourceTree = "<group>";
		};
		B009556C133953EE00038801 /* Resources-iPad */ = {
			isa = PBXGroup;
			children = (
				B009556D133953EF00038801 /* MainWindow-iPad.xib */,
			);
			name = "Resources-iPad";
			sourceTree = "<group>";
		};
		C31CA5E71329C34B006AF5B0 /* Icon */ = {
			isa = PBXGroup;
			children = (
				C31CA5E91329C355006AF5B0 /* icon-29.png */,
				C31CA5EA1329C355006AF5B0 /* icon-57.png */,
				C31CA5EB1329C355006AF5B0 /* icon-72.png */,
				C31CA5EC1329C355006AF5B0 /* icon-114.png */,
				C31CA5ED1329C355006AF5B0 /* iTunesArtwork */,
			);
			name = Icon;
			sourceTree = "<group>";
		};
		C357A9851329C6B9008FB8E4 /* JJGWebView */ = {
			isa = PBXGroup;
			children = (
				C357A9861329C6B9008FB8E4 /* Classes */,
				C357A9891329C6B9008FB8E4 /* Resources */,
			);
			path = JJGWebView;
			sourceTree = "<group>";
		};
		C357A9861329C6B9008FB8E4 /* Classes */ = {
			isa = PBXGroup;
			children = (
				C357A9871329C6B9008FB8E4 /* JJGWebView.h */,
				C357A9881329C6B9008FB8E4 /* JJGWebView.m */,
			);
			path = Classes;
			sourceTree = "<group>";
		};
		C357A9891329C6B9008FB8E4 /* Resources */ = {
			isa = PBXGroup;
			children = (
				C357A98A1329C6B9008FB8E4 /* back-arrow.png */,
				C357A98B1329C6B9008FB8E4 /* back-arrow@2x.png */,
				C357A98C1329C6B9008FB8E4 /* forward-arrow.png */,
				C357A98D1329C6B9008FB8E4 /* forward-arrow@2x.png */,
				C357A98E1329C6B9008FB8E4 /* JJGWebView.xib */,
			);
			path = Resources;
			sourceTree = "<group>";
		};
/* End PBXGroup section */

/* Begin PBXNativeTarget section */
		1D6058900D05DD3D006BFB54 /* JJGWebView */ = {
			isa = PBXNativeTarget;
			buildConfigurationList = 1D6058960D05DD3E006BFB54 /* Build configuration list for PBXNativeTarget "JJGWebView" */;
			buildPhases = (
				1D60588D0D05DD3D006BFB54 /* Resources */,
				1D60588E0D05DD3D006BFB54 /* Sources */,
				1D60588F0D05DD3D006BFB54 /* Frameworks */,
			);
			buildRules = (
			);
			dependencies = (
			);
			name = JJGWebView;
			productName = JJGWebView;
			productReference = 1D6058910D05DD3D006BFB54 /* JJGWebView.app */;
			productType = "com.apple.product-type.application";
		};
/* End PBXNativeTarget section */

/* Begin PBXProject section */
		29B97313FDCFA39411CA2CEA /* Project object */ = {
			isa = PBXProject;
			attributes = {
				LastUpgradeCheck = 0440;
			};
			buildConfigurationList = C01FCF4E08A954540054247B /* Build configuration list for PBXProject "JJGWebView" */;
			compatibilityVersion = "Xcode 3.2";
			developmentRegion = English;
			hasScannedForEncodings = 1;
			knownRegions = (
				English,
				Japanese,
				French,
				German,
			);
			mainGroup = 29B97314FDCFA39411CA2CEA /* CustomTemplate */;
			projectDirPath = "";
			projectRoot = "";
			targets = (
				1D6058900D05DD3D006BFB54 /* JJGWebView */,
			);
		};
/* End PBXProject section */

/* Begin PBXResourcesBuildPhase section */
		1D60588D0D05DD3D006BFB54 /* Resources */ = {
			isa = PBXResourcesBuildPhase;
			buildActionMask = 2147483647;
			files = (
				28AD733F0D9D9553002E5188 /* MainWindow.xib in Resources */,
				2899E5220DE3E06400AC0155 /* JJGWebViewViewController.xib in Resources */,
				C31CA5EE1329C355006AF5B0 /* icon-29.png in Resources */,
				C31CA5EF1329C355006AF5B0 /* icon-57.png in Resources */,
				C31CA5F01329C355006AF5B0 /* icon-72.png in Resources */,
				C31CA5F11329C355006AF5B0 /* icon-114.png in Resources */,
				C31CA5F21329C355006AF5B0 /* iTunesArtwork in Resources */,
				C357A9901329C6BA008FB8E4 /* back-arrow.png in Resources */,
				C357A9911329C6BA008FB8E4 /* back-arrow@2x.png in Resources */,
				C357A9921329C6BA008FB8E4 /* forward-arrow.png in Resources */,
				C357A9931329C6BA008FB8E4 /* forward-arrow@2x.png in Resources */,
				C357A9941329C6BA008FB8E4 /* JJGWebView.xib in Resources */,
				B009556E133953EF00038801 /* MainWindow-iPad.xib in Resources */,
			);
			runOnlyForDeploymentPostprocessing = 0;
		};
/* End PBXResourcesBuildPhase section */

/* Begin PBXSourcesBuildPhase section */
		1D60588E0D05DD3D006BFB54 /* Sources */ = {
			isa = PBXSourcesBuildPhase;
			buildActionMask = 2147483647;
			files = (
				1D60589B0D05DD56006BFB54 /* main.m in Sources */,
				1D3623260D0F684500981E51 /* JJGWebViewAppDelegate.m in Sources */,
				28D7ACF80DDB3853001CB0EB /* JJGWebViewViewController.m in Sources */,
				C357A98F1329C6B9008FB8E4 /* JJGWebView.m in Sources */,
			);
			runOnlyForDeploymentPostprocessing = 0;
		};
/* End PBXSourcesBuildPhase section */

/* Begin XCBuildConfiguration section */
		1D6058940D05DD3E006BFB54 /* Debug */ = {
			isa = XCBuildConfiguration;
			buildSettings = {
				ALWAYS_SEARCH_USER_PATHS = NO;
				ARCHS = "$(ARCHS_STANDARD_32_BIT)";
				CLANG_ENABLE_OBJC_ARC = YES;
				COPY_PHASE_STRIP = NO;
				GCC_DYNAMIC_NO_PIC = NO;
				GCC_OPTIMIZATION_LEVEL = 0;
				GCC_PRECOMPILE_PREFIX_HEADER = YES;
				GCC_PREFIX_HEADER = JJGWebView_Prefix.pch;
				INFOPLIST_FILE = "JJGWebView-Info.plist";
				PRODUCT_NAME = JJGWebView;
				SDKROOT = iphoneos;
				TARGETED_DEVICE_FAMILY = "1,2";
			};
			name = Debug;
		};
		1D6058950D05DD3E006BFB54 /* Release */ = {
			isa = XCBuildConfiguration;
			buildSettings = {
				ALWAYS_SEARCH_USER_PATHS = NO;
				ARCHS = "$(ARCHS_STANDARD_32_BIT)";
				CLANG_ENABLE_OBJC_ARC = YES;
				COPY_PHASE_STRIP = YES;
				GCC_PRECOMPILE_PREFIX_HEADER = YES;
				GCC_PREFIX_HEADER = JJGWebView_Prefix.pch;
				INFOPLIST_FILE = "JJGWebView-Info.plist";
				PRODUCT_NAME = JJGWebView;
				SDKROOT = iphoneos;
				TARGETED_DEVICE_FAMILY = "1,2";
				VALIDATE_PRODUCT = YES;
			};
			name = Release;
		};
		C01FCF4F08A954540054247B /* Debug */ = {
			isa = XCBuildConfiguration;
			buildSettings = {
				ARCHS = "$(ARCHS_STANDARD_32_BIT)";
				"CODE_SIGN_IDENTITY[sdk=iphoneos*]" = "iPhone Developer";
				GCC_C_LANGUAGE_STANDARD = c99;
				GCC_WARN_ABOUT_RETURN_TYPE = YES;
				GCC_WARN_UNUSED_VARIABLE = YES;
				IPHONEOS_DEPLOYMENT_TARGET = 5.1;
				SDKROOT = iphoneos;
				TARGETED_DEVICE_FAMILY = "1,2";
			};
			name = Debug;
		};
		C01FCF5008A954540054247B /* Release */ = {
			isa = XCBuildConfiguration;
			buildSettings = {
				ARCHS = "$(ARCHS_STANDARD_32_BIT)";
				"CODE_SIGN_IDENTITY[sdk=iphoneos*]" = "iPhone Developer";
				GCC_C_LANGUAGE_STANDARD = c99;
				GCC_WARN_ABOUT_RETURN_TYPE = YES;
				GCC_WARN_UNUSED_VARIABLE = YES;
				IPHONEOS_DEPLOYMENT_TARGET = 5.1;
				OTHER_CFLAGS = "-DNS_BLOCK_ASSERTIONS=1";
				SDKROOT = iphoneos;
			};
			name = Release;
		};
/* End XCBuildConfiguration section */

/* Begin XCConfigurationList section */
		1D6058960D05DD3E006BFB54 /* Build configuration list for PBXNativeTarget "JJGWebView" */ = {
			isa = XCConfigurationList;
			buildConfigurations = (
				1D6058940D05DD3E006BFB54 /* Debug */,
				1D6058950D05DD3E006BFB54 /* Release */,
			);
			defaultConfigurationIsVisible = 0;
			defaultConfigurationName = Release;
		};
		C01FCF4E08A954540054247B /* Build configuration list for PBXProject "JJGWebView" */ = {
			isa = XCConfigurationList;
			buildConfigurations = (
				C01FCF4F08A954540054247B /* Debug */,
				C01FCF5008A954540054247B /* Release */,
			);
			defaultConfigurationIsVisible = 0;
			defaultConfigurationName = Release;
		};
/* End XCConfigurationList section */
	};
	rootObject = 29B97313FDCFA39411CA2CEA /* Project object */;
}
