// !$*UTF8*$!
{
	archiveVersion = 1;
	classes = {
	};
	objectVersion = 45;
	objects = {

/* Begin PBXBuildFile section */
		1D3623260D0F684500981E51 /* JJGWebViewAppDelegate.m in Sources */ = {isa = PBXBuildFile; fileRef = 1D3623250D0F684500981E51 /* JJGWebViewAppDelegate.m */; };
		1D60589B0D05DD56006BFB54 /* main.m in Sources */ = {isa = PBXBuildFile; fileRef = 29B97316FDCFA39411CA2CEA /* main.m */; };
		1D60589F0D05DD5A006BFB54 /* Foundation.framework in Frameworks */ = {isa = PBXBuildFile; fileRef = 1D30AB110D05D00D00671497 /* Foundation.framework */; };
		1DF5F4E00D08C38300B7A737 /* UIKit.framework in Frameworks */ = {isa = PBXBuildFile; fileRef = 1DF5F4DF0D08C38300B7A737 /* UIKit.framework */; };
		288765A50DF7441C002DB57D /* CoreGraphics.framework in Frameworks */ = {isa = PBXBuildFile; fileRef = 288765A40DF7441C002DB57D /* CoreGraphics.framework */; };
		2899E5220DE3E06400AC0155 /* JJGWebViewViewController.xib in Resources */ = {isa = PBXBuildFile; fileRef = 2899E5210DE3E06400AC0155 /* JJGWebViewViewController.xib */; };
		28AD733F0D9D9553002E5188 /* MainWindow.xib in Resources */ = {isa = PBXBuildFile; fileRef = 28AD733E0D9D9553002E5188 /* MainWindow.xib */; };
		28D7ACF80DDB3853001CB0EB /* JJGWebViewViewController.m in Sources */ = {isa = PBXBuildFile; fileRef = 28D7ACF70DDB3853001CB0EB /* JJGWebViewViewController.m */; };
		C31CA5EE1329C355006AF5B0 /* icon-29.png in Resources */ = {isa = PBXBuildFile; fileRef = C31CA5E91329C355006AF5B0 /* icon-29.png */; };
		C31CA5EF1329C355006AF5B0 /* icon-57.png in Resources */ = {isa = PBXBuildFile; fileRef = C31CA5EA1329C355006AF5B0 /* icon-57.png */; };
		C31CA5F01329C355006AF5B0 /* icon-72.png in Resources */ = {isa = PBXBuildFile; fileRef = C31CA5EB1329C355006AF5B0 /* icon-72.png */; };
		C31CA5F11329C355006AF5B0 /* icon-114.png in Resources */ = {isa = PBXBuildFile; fileRef = C31CA5EC1329C355006AF5B0 /* icon-114.png */; };
		C31CA5F21329C355006AF5B0 /* iTunesArtwork in Resources */ = {isa = PBXBuildFile; fileRef = C31CA5ED1329C355006AF5B0 /* iTunesArtwork */; };
		C3516C05132978A700106633 /* SHKCustomShareMenu.m in Sources */ = {isa = PBXBuildFile; fileRef = C3516B6D132978A500106633 /* SHKCustomShareMenu.m */; };
		C3516C06132978A700106633 /* SHKCustomShareMenuCell.m in Sources */ = {isa = PBXBuildFile; fileRef = C3516B6F132978A600106633 /* SHKCustomShareMenuCell.m */; };
		C3516C07132978A700106633 /* SHKCustomFormController.m in Sources */ = {isa = PBXBuildFile; fileRef = C3516B72132978A600106633 /* SHKCustomFormController.m */; };
		C3516C08132978A700106633 /* SHKCustomFormFieldCell.m in Sources */ = {isa = PBXBuildFile; fileRef = C3516B74132978A600106633 /* SHKCustomFormFieldCell.m */; };
		C3516C09132978A700106633 /* SHKSharers.plist in Resources */ = {isa = PBXBuildFile; fileRef = C3516B77132978A600106633 /* SHKSharers.plist */; };
		C3516C0A132978A700106633 /* SHK.m in Sources */ = {isa = PBXBuildFile; fileRef = C3516B79132978A600106633 /* SHK.m */; };
		C3516C0B132978A700106633 /* SHKItem.m in Sources */ = {isa = PBXBuildFile; fileRef = C3516B7B132978A600106633 /* SHKItem.m */; };
		C3516C0C132978A700106633 /* SHKOfflineSharer.m in Sources */ = {isa = PBXBuildFile; fileRef = C3516B7D132978A600106633 /* SHKOfflineSharer.m */; };
		C3516C0D132978A700106633 /* SHKOAuthSharer.m in Sources */ = {isa = PBXBuildFile; fileRef = C3516B80132978A600106633 /* SHKOAuthSharer.m */; };
		C3516C0E132978A700106633 /* SHKSharer.m in Sources */ = {isa = PBXBuildFile; fileRef = C3516B82132978A600106633 /* SHKSharer.m */; };
		C3516C0F132978A700106633 /* UIWebView+SHK.m in Sources */ = {isa = PBXBuildFile; fileRef = C3516B85132978A600106633 /* UIWebView+SHK.m */; };
		C3516C10132978A700106633 /* SFHFKeychainUtils.m in Sources */ = {isa = PBXBuildFile; fileRef = C3516B89132978A600106633 /* SFHFKeychainUtils.m */; };
		C3516C11132978A700106633 /* NSMutableURLRequest+Parameters.m in Sources */ = {isa = PBXBuildFile; fileRef = C3516B8D132978A600106633 /* NSMutableURLRequest+Parameters.m */; };
		C3516C12132978A700106633 /* NSString+URLEncoding.m in Sources */ = {isa = PBXBuildFile; fileRef = C3516B8F132978A600106633 /* NSString+URLEncoding.m */; };
		C3516C13132978A700106633 /* NSURL+Base.m in Sources */ = {isa = PBXBuildFile; fileRef = C3516B91132978A600106633 /* NSURL+Base.m */; };
		C3516C14132978A700106633 /* Base64Transcoder.c in Sources */ = {isa = PBXBuildFile; fileRef = C3516B93132978A600106633 /* Base64Transcoder.c */; };
		C3516C15132978A700106633 /* hmac.c in Sources */ = {isa = PBXBuildFile; fileRef = C3516B95132978A600106633 /* hmac.c */; };
		C3516C16132978A700106633 /* sha1.c in Sources */ = {isa = PBXBuildFile; fileRef = C3516B97132978A600106633 /* sha1.c */; };
		C3516C17132978A700106633 /* OAAsynchronousDataFetcher.m in Sources */ = {isa = PBXBuildFile; fileRef = C3516B9A132978A600106633 /* OAAsynchronousDataFetcher.m */; };
		C3516C18132978A700106633 /* OAConsumer.m in Sources */ = {isa = PBXBuildFile; fileRef = C3516B9C132978A600106633 /* OAConsumer.m */; };
		C3516C19132978A700106633 /* OADataFetcher.m in Sources */ = {isa = PBXBuildFile; fileRef = C3516B9E132978A600106633 /* OADataFetcher.m */; };
		C3516C1A132978A700106633 /* OAHMAC_SHA1SignatureProvider.m in Sources */ = {isa = PBXBuildFile; fileRef = C3516BA0132978A600106633 /* OAHMAC_SHA1SignatureProvider.m */; };
		C3516C1B132978A700106633 /* OAMutableURLRequest.m in Sources */ = {isa = PBXBuildFile; fileRef = C3516BA2132978A600106633 /* OAMutableURLRequest.m */; };
		C3516C1C132978A700106633 /* OAPlaintextSignatureProvider.m in Sources */ = {isa = PBXBuildFile; fileRef = C3516BA4132978A600106633 /* OAPlaintextSignatureProvider.m */; };
		C3516C1D132978A700106633 /* OARequestParameter.m in Sources */ = {isa = PBXBuildFile; fileRef = C3516BA6132978A600106633 /* OARequestParameter.m */; };
		C3516C1E132978A700106633 /* OAServiceTicket.m in Sources */ = {isa = PBXBuildFile; fileRef = C3516BA8132978A600106633 /* OAServiceTicket.m */; };
		C3516C1F132978A700106633 /* OAToken.m in Sources */ = {isa = PBXBuildFile; fileRef = C3516BAB132978A600106633 /* OAToken.m */; };
		C3516C20132978A700106633 /* SHKRequest.m in Sources */ = {isa = PBXBuildFile; fileRef = C3516BAE132978A600106633 /* SHKRequest.m */; };
		C3516C21132978A700106633 /* SHKCopy.m in Sources */ = {isa = PBXBuildFile; fileRef = C3516BB3132978A600106633 /* SHKCopy.m */; };
		C3516C22132978A700106633 /* SHKMail.m in Sources */ = {isa = PBXBuildFile; fileRef = C3516BB6132978A600106633 /* SHKMail.m */; };
		C3516C23132978A700106633 /* SHKSafari.m in Sources */ = {isa = PBXBuildFile; fileRef = C3516BB9132978A600106633 /* SHKSafari.m */; };
		C3516C24132978A700106633 /* SHKPhotoAlbum.m in Sources */ = {isa = PBXBuildFile; fileRef = C3516BBC132978A600106633 /* SHKPhotoAlbum.m */; };
		C3516C25132978A700106633 /* SHKDelicious.m in Sources */ = {isa = PBXBuildFile; fileRef = C3516BC0132978A600106633 /* SHKDelicious.m */; };
		C3516C26132978A700106633 /* FBConnect.bundle in Resources */ = {isa = PBXBuildFile; fileRef = C3516BC3132978A600106633 /* FBConnect.bundle */; };
		C3516C27132978A700106633 /* FBConnectGlobal.m in Sources */ = {isa = PBXBuildFile; fileRef = C3516BC6132978A600106633 /* FBConnectGlobal.m */; };
		C3516C28132978A700106633 /* FBDialog.m in Sources */ = {isa = PBXBuildFile; fileRef = C3516BC8132978A600106633 /* FBDialog.m */; };
		C3516C29132978A700106633 /* FBFeedDialog.m in Sources */ = {isa = PBXBuildFile; fileRef = C3516BCA132978A600106633 /* FBFeedDialog.m */; };
		C3516C2A132978A700106633 /* FBLoginButton.m in Sources */ = {isa = PBXBuildFile; fileRef = C3516BCC132978A600106633 /* FBLoginButton.m */; };
		C3516C2B132978A700106633 /* FBLoginDialog.m in Sources */ = {isa = PBXBuildFile; fileRef = C3516BCE132978A600106633 /* FBLoginDialog.m */; };
		C3516C2C132978A700106633 /* FBPermissionDialog.m in Sources */ = {isa = PBXBuildFile; fileRef = C3516BD0132978A600106633 /* FBPermissionDialog.m */; };
		C3516C2D132978A700106633 /* FBRequest.m in Sources */ = {isa = PBXBuildFile; fileRef = C3516BD2132978A600106633 /* FBRequest.m */; };
		C3516C2E132978A700106633 /* FBSession.m in Sources */ = {isa = PBXBuildFile; fileRef = C3516BD4132978A600106633 /* FBSession.m */; };
		C3516C2F132978A700106633 /* FBStreamDialog.m in Sources */ = {isa = PBXBuildFile; fileRef = C3516BD6132978A700106633 /* FBStreamDialog.m */; };
		C3516C30132978A700106633 /* FBXMLHandler.m in Sources */ = {isa = PBXBuildFile; fileRef = C3516BD8132978A700106633 /* FBXMLHandler.m */; };
		C3516C31132978A700106633 /* SHKFacebook.m in Sources */ = {isa = PBXBuildFile; fileRef = C3516BDA132978A700106633 /* SHKFacebook.m */; };
		C3516C32132978A700106633 /* SHKFBStreamDialog.m in Sources */ = {isa = PBXBuildFile; fileRef = C3516BDC132978A700106633 /* SHKFBStreamDialog.m */; };
		C3516C33132978A700106633 /* SHKGoogleReader.m in Sources */ = {isa = PBXBuildFile; fileRef = C3516BDF132978A700106633 /* SHKGoogleReader.m */; };
		C3516C34132978A700106633 /* SHKInstapaper.m in Sources */ = {isa = PBXBuildFile; fileRef = C3516BE2132978A700106633 /* SHKInstapaper.m */; };
		C3516C35132978A700106633 /* SHKPinboard.m in Sources */ = {isa = PBXBuildFile; fileRef = C3516BE5132978A700106633 /* SHKPinboard.m */; };
		C3516C36132978A700106633 /* SHKReadItLater.m in Sources */ = {isa = PBXBuildFile; fileRef = C3516BE8132978A700106633 /* SHKReadItLater.m */; };
		C3516C37132978A700106633 /* SHKTumblr.m in Sources */ = {isa = PBXBuildFile; fileRef = C3516BEB132978A700106633 /* SHKTumblr.m */; };
		C3516C38132978A700106633 /* SHKTwitter.m in Sources */ = {isa = PBXBuildFile; fileRef = C3516BEE132978A700106633 /* SHKTwitter.m */; };
		C3516C39132978A700106633 /* SHKTwitterForm.m in Sources */ = {isa = PBXBuildFile; fileRef = C3516BF0132978A700106633 /* SHKTwitterForm.m */; };
		C3516C3A132978A700106633 /* SHKActionSheet.m in Sources */ = {isa = PBXBuildFile; fileRef = C3516BF3132978A700106633 /* SHKActionSheet.m */; };
		C3516C3B132978A700106633 /* SHKActivityIndicator.m in Sources */ = {isa = PBXBuildFile; fileRef = C3516BF5132978A700106633 /* SHKActivityIndicator.m */; };
		C3516C3C132978A700106633 /* SHKFormController.m in Sources */ = {isa = PBXBuildFile; fileRef = C3516BF7132978A700106633 /* SHKFormController.m */; };
		C3516C3D132978A700106633 /* SHKFormFieldCell.m in Sources */ = {isa = PBXBuildFile; fileRef = C3516BF9132978A700106633 /* SHKFormFieldCell.m */; };
		C3516C3E132978A700106633 /* SHKFormFieldSettings.m in Sources */ = {isa = PBXBuildFile; fileRef = C3516BFB132978A700106633 /* SHKFormFieldSettings.m */; };
		C3516C3F132978A700106633 /* SHKShareMenu.m in Sources */ = {isa = PBXBuildFile; fileRef = C3516BFD132978A700106633 /* SHKShareMenu.m */; };
		C3516C40132978A700106633 /* SHKOAuthView.m in Sources */ = {isa = PBXBuildFile; fileRef = C3516BFF132978A700106633 /* SHKOAuthView.m */; };
		C3516C41132978A700106633 /* SHKViewControllerWrapper.m in Sources */ = {isa = PBXBuildFile; fileRef = C3516C01132978A700106633 /* SHKViewControllerWrapper.m */; };
		C3516C42132978A700106633 /* Reachability.m in Sources */ = {isa = PBXBuildFile; fileRef = C3516C04132978A700106633 /* Reachability.m */; };
		C3516C7613297C1400106633 /* MessageUI.framework in Frameworks */ = {isa = PBXBuildFile; fileRef = C3516C7513297C1400106633 /* MessageUI.framework */; };
		C3516C7813297C1400106633 /* Security.framework in Frameworks */ = {isa = PBXBuildFile; fileRef = C3516C7713297C1400106633 /* Security.framework */; };
		C3516C7A13297C1400106633 /* SystemConfiguration.framework in Frameworks */ = {isa = PBXBuildFile; fileRef = C3516C7913297C1400106633 /* SystemConfiguration.framework */; };
		C357A98F1329C6B9008FB8E4 /* JJGWebView.m in Sources */ = {isa = PBXBuildFile; fileRef = C357A9881329C6B9008FB8E4 /* JJGWebView.m */; };
		C357A9901329C6BA008FB8E4 /* back-arrow.png in Resources */ = {isa = PBXBuildFile; fileRef = C357A98A1329C6B9008FB8E4 /* back-arrow.png */; };
		C357A9911329C6BA008FB8E4 /* back-arrow@2x.png in Resources */ = {isa = PBXBuildFile; fileRef = C357A98B1329C6B9008FB8E4 /* back-arrow@2x.png */; };
		C357A9921329C6BA008FB8E4 /* forward-arrow.png in Resources */ = {isa = PBXBuildFile; fileRef = C357A98C1329C6B9008FB8E4 /* forward-arrow.png */; };
		C357A9931329C6BA008FB8E4 /* forward-arrow@2x.png in Resources */ = {isa = PBXBuildFile; fileRef = C357A98D1329C6B9008FB8E4 /* forward-arrow@2x.png */; };
		C357A9941329C6BA008FB8E4 /* JJGWebView.xib in Resources */ = {isa = PBXBuildFile; fileRef = C357A98E1329C6B9008FB8E4 /* JJGWebView.xib */; };
/* End PBXBuildFile section */

/* Begin PBXFileReference section */
		1D30AB110D05D00D00671497 /* Foundation.framework */ = {isa = PBXFileReference; lastKnownFileType = wrapper.framework; name = Foundation.framework; path = System/Library/Frameworks/Foundation.framework; sourceTree = SDKROOT; };
		1D3623240D0F684500981E51 /* JJGWebViewAppDelegate.h */ = {isa = PBXFileReference; fileEncoding = 4; lastKnownFileType = sourcecode.c.h; path = JJGWebViewAppDelegate.h; sourceTree = "<group>"; };
		1D3623250D0F684500981E51 /* JJGWebViewAppDelegate.m */ = {isa = PBXFileReference; fileEncoding = 4; lastKnownFileType = sourcecode.c.objc; path = JJGWebViewAppDelegate.m; sourceTree = "<group>"; };
		1D6058910D05DD3D006BFB54 /* JJGWebView.app */ = {isa = PBXFileReference; explicitFileType = wrapper.application; includeInIndex = 0; path = JJGWebView.app; sourceTree = BUILT_PRODUCTS_DIR; };
		1DF5F4DF0D08C38300B7A737 /* UIKit.framework */ = {isa = PBXFileReference; lastKnownFileType = wrapper.framework; name = UIKit.framework; path = System/Library/Frameworks/UIKit.framework; sourceTree = SDKROOT; };
		288765A40DF7441C002DB57D /* CoreGraphics.framework */ = {isa = PBXFileReference; lastKnownFileType = wrapper.framework; name = CoreGraphics.framework; path = System/Library/Frameworks/CoreGraphics.framework; sourceTree = SDKROOT; };
		2899E5210DE3E06400AC0155 /* JJGWebViewViewController.xib */ = {isa = PBXFileReference; lastKnownFileType = file.xib; path = JJGWebViewViewController.xib; sourceTree = "<group>"; };
		28AD733E0D9D9553002E5188 /* MainWindow.xib */ = {isa = PBXFileReference; lastKnownFileType = file.xib; path = MainWindow.xib; sourceTree = "<group>"; };
		28D7ACF60DDB3853001CB0EB /* JJGWebViewViewController.h */ = {isa = PBXFileReference; fileEncoding = 4; lastKnownFileType = sourcecode.c.h; path = JJGWebViewViewController.h; sourceTree = "<group>"; };
		28D7ACF70DDB3853001CB0EB /* JJGWebViewViewController.m */ = {isa = PBXFileReference; fileEncoding = 4; lastKnownFileType = sourcecode.c.objc; path = JJGWebViewViewController.m; sourceTree = "<group>"; };
		29B97316FDCFA39411CA2CEA /* main.m */ = {isa = PBXFileReference; fileEncoding = 4; lastKnownFileType = sourcecode.c.objc; path = main.m; sourceTree = "<group>"; };
		32CA4F630368D1EE00C91783 /* JJGWebView_Prefix.pch */ = {isa = PBXFileReference; fileEncoding = 4; lastKnownFileType = sourcecode.c.h; path = JJGWebView_Prefix.pch; sourceTree = "<group>"; };
		8D1107310486CEB800E47090 /* JJGWebView-Info.plist */ = {isa = PBXFileReference; fileEncoding = 4; lastKnownFileType = text.plist.xml; path = "JJGWebView-Info.plist"; plistStructureDefinitionIdentifier = "com.apple.xcode.plist.structure-definition.iphone.info-plist"; sourceTree = "<group>"; };
		C31CA5E91329C355006AF5B0 /* icon-29.png */ = {isa = PBXFileReference; lastKnownFileType = image.png; path = "icon-29.png"; sourceTree = "<group>"; };
		C31CA5EA1329C355006AF5B0 /* icon-57.png */ = {isa = PBXFileReference; lastKnownFileType = image.png; path = "icon-57.png"; sourceTree = "<group>"; };
		C31CA5EB1329C355006AF5B0 /* icon-72.png */ = {isa = PBXFileReference; lastKnownFileType = image.png; path = "icon-72.png"; sourceTree = "<group>"; };
		C31CA5EC1329C355006AF5B0 /* icon-114.png */ = {isa = PBXFileReference; lastKnownFileType = image.png; path = "icon-114.png"; sourceTree = "<group>"; };
		C31CA5ED1329C355006AF5B0 /* iTunesArtwork */ = {isa = PBXFileReference; lastKnownFileType = file; path = iTunesArtwork; sourceTree = "<group>"; };
		C3516B69132978A500106633 /* SHKConfig.h */ = {isa = PBXFileReference; fileEncoding = 4; lastKnownFileType = sourcecode.c.h; path = SHKConfig.h; sourceTree = "<group>"; };
		C3516B6C132978A500106633 /* SHKCustomShareMenu.h */ = {isa = PBXFileReference; fileEncoding = 4; lastKnownFileType = sourcecode.c.h; path = SHKCustomShareMenu.h; sourceTree = "<group>"; };
		C3516B6D132978A500106633 /* SHKCustomShareMenu.m */ = {isa = PBXFileReference; fileEncoding = 4; lastKnownFileType = sourcecode.c.objc; path = SHKCustomShareMenu.m; sourceTree = "<group>"; };
		C3516B6E132978A600106633 /* SHKCustomShareMenuCell.h */ = {isa = PBXFileReference; fileEncoding = 4; lastKnownFileType = sourcecode.c.h; path = SHKCustomShareMenuCell.h; sourceTree = "<group>"; };
		C3516B6F132978A600106633 /* SHKCustomShareMenuCell.m */ = {isa = PBXFileReference; fileEncoding = 4; lastKnownFileType = sourcecode.c.objc; path = SHKCustomShareMenuCell.m; sourceTree = "<group>"; };
		C3516B71132978A600106633 /* SHKCustomFormController.h */ = {isa = PBXFileReference; fileEncoding = 4; lastKnownFileType = sourcecode.c.h; path = SHKCustomFormController.h; sourceTree = "<group>"; };
		C3516B72132978A600106633 /* SHKCustomFormController.m */ = {isa = PBXFileReference; fileEncoding = 4; lastKnownFileType = sourcecode.c.objc; path = SHKCustomFormController.m; sourceTree = "<group>"; };
		C3516B73132978A600106633 /* SHKCustomFormFieldCell.h */ = {isa = PBXFileReference; fileEncoding = 4; lastKnownFileType = sourcecode.c.h; path = SHKCustomFormFieldCell.h; sourceTree = "<group>"; };
		C3516B74132978A600106633 /* SHKCustomFormFieldCell.m */ = {isa = PBXFileReference; fileEncoding = 4; lastKnownFileType = sourcecode.c.objc; path = SHKCustomFormFieldCell.m; sourceTree = "<group>"; };
		C3516B77132978A600106633 /* SHKSharers.plist */ = {isa = PBXFileReference; fileEncoding = 4; lastKnownFileType = text.plist.xml; path = SHKSharers.plist; sourceTree = "<group>"; };
		C3516B78132978A600106633 /* SHK.h */ = {isa = PBXFileReference; fileEncoding = 4; lastKnownFileType = sourcecode.c.h; path = SHK.h; sourceTree = "<group>"; };
		C3516B79132978A600106633 /* SHK.m */ = {isa = PBXFileReference; fileEncoding = 4; lastKnownFileType = sourcecode.c.objc; path = SHK.m; sourceTree = "<group>"; };
		C3516B7A132978A600106633 /* SHKItem.h */ = {isa = PBXFileReference; fileEncoding = 4; lastKnownFileType = sourcecode.c.h; path = SHKItem.h; sourceTree = "<group>"; };
		C3516B7B132978A600106633 /* SHKItem.m */ = {isa = PBXFileReference; fileEncoding = 4; lastKnownFileType = sourcecode.c.objc; path = SHKItem.m; sourceTree = "<group>"; };
		C3516B7C132978A600106633 /* SHKOfflineSharer.h */ = {isa = PBXFileReference; fileEncoding = 4; lastKnownFileType = sourcecode.c.h; path = SHKOfflineSharer.h; sourceTree = "<group>"; };
		C3516B7D132978A600106633 /* SHKOfflineSharer.m */ = {isa = PBXFileReference; fileEncoding = 4; lastKnownFileType = sourcecode.c.objc; path = SHKOfflineSharer.m; sourceTree = "<group>"; };
		C3516B7F132978A600106633 /* SHKOAuthSharer.h */ = {isa = PBXFileReference; fileEncoding = 4; lastKnownFileType = sourcecode.c.h; path = SHKOAuthSharer.h; sourceTree = "<group>"; };
		C3516B80132978A600106633 /* SHKOAuthSharer.m */ = {isa = PBXFileReference; fileEncoding = 4; lastKnownFileType = sourcecode.c.objc; path = SHKOAuthSharer.m; sourceTree = "<group>"; };
		C3516B81132978A600106633 /* SHKSharer.h */ = {isa = PBXFileReference; fileEncoding = 4; lastKnownFileType = sourcecode.c.h; path = SHKSharer.h; sourceTree = "<group>"; };
		C3516B82132978A600106633 /* SHKSharer.m */ = {isa = PBXFileReference; fileEncoding = 4; lastKnownFileType = sourcecode.c.objc; path = SHKSharer.m; sourceTree = "<group>"; };
		C3516B84132978A600106633 /* UIWebView+SHK.h */ = {isa = PBXFileReference; fileEncoding = 4; lastKnownFileType = sourcecode.c.h; path = "UIWebView+SHK.h"; sourceTree = "<group>"; };
		C3516B85132978A600106633 /* UIWebView+SHK.m */ = {isa = PBXFileReference; fileEncoding = 4; lastKnownFileType = sourcecode.c.objc; path = "UIWebView+SHK.m"; sourceTree = "<group>"; };
		C3516B88132978A600106633 /* SFHFKeychainUtils.h */ = {isa = PBXFileReference; fileEncoding = 4; lastKnownFileType = sourcecode.c.h; path = SFHFKeychainUtils.h; sourceTree = "<group>"; };
		C3516B89132978A600106633 /* SFHFKeychainUtils.m */ = {isa = PBXFileReference; fileEncoding = 4; lastKnownFileType = sourcecode.c.objc; path = SFHFKeychainUtils.m; sourceTree = "<group>"; };
		C3516B8C132978A600106633 /* NSMutableURLRequest+Parameters.h */ = {isa = PBXFileReference; fileEncoding = 4; lastKnownFileType = sourcecode.c.h; path = "NSMutableURLRequest+Parameters.h"; sourceTree = "<group>"; };
		C3516B8D132978A600106633 /* NSMutableURLRequest+Parameters.m */ = {isa = PBXFileReference; fileEncoding = 4; lastKnownFileType = sourcecode.c.objc; path = "NSMutableURLRequest+Parameters.m"; sourceTree = "<group>"; };
		C3516B8E132978A600106633 /* NSString+URLEncoding.h */ = {isa = PBXFileReference; fileEncoding = 4; lastKnownFileType = sourcecode.c.h; path = "NSString+URLEncoding.h"; sourceTree = "<group>"; };
		C3516B8F132978A600106633 /* NSString+URLEncoding.m */ = {isa = PBXFileReference; fileEncoding = 4; lastKnownFileType = sourcecode.c.objc; path = "NSString+URLEncoding.m"; sourceTree = "<group>"; };
		C3516B90132978A600106633 /* NSURL+Base.h */ = {isa = PBXFileReference; fileEncoding = 4; lastKnownFileType = sourcecode.c.h; path = "NSURL+Base.h"; sourceTree = "<group>"; };
		C3516B91132978A600106633 /* NSURL+Base.m */ = {isa = PBXFileReference; fileEncoding = 4; lastKnownFileType = sourcecode.c.objc; path = "NSURL+Base.m"; sourceTree = "<group>"; };
		C3516B93132978A600106633 /* Base64Transcoder.c */ = {isa = PBXFileReference; fileEncoding = 4; lastKnownFileType = sourcecode.c.c; path = Base64Transcoder.c; sourceTree = "<group>"; };
		C3516B94132978A600106633 /* Base64Transcoder.h */ = {isa = PBXFileReference; fileEncoding = 4; lastKnownFileType = sourcecode.c.h; path = Base64Transcoder.h; sourceTree = "<group>"; };
		C3516B95132978A600106633 /* hmac.c */ = {isa = PBXFileReference; fileEncoding = 4; lastKnownFileType = sourcecode.c.c; path = hmac.c; sourceTree = "<group>"; };
		C3516B96132978A600106633 /* hmac.h */ = {isa = PBXFileReference; fileEncoding = 4; lastKnownFileType = sourcecode.c.h; path = hmac.h; sourceTree = "<group>"; };
		C3516B97132978A600106633 /* sha1.c */ = {isa = PBXFileReference; fileEncoding = 4; lastKnownFileType = sourcecode.c.c; path = sha1.c; sourceTree = "<group>"; };
		C3516B98132978A600106633 /* sha1.h */ = {isa = PBXFileReference; fileEncoding = 4; lastKnownFileType = sourcecode.c.h; path = sha1.h; sourceTree = "<group>"; };
		C3516B99132978A600106633 /* OAAsynchronousDataFetcher.h */ = {isa = PBXFileReference; fileEncoding = 4; lastKnownFileType = sourcecode.c.h; path = OAAsynchronousDataFetcher.h; sourceTree = "<group>"; };
		C3516B9A132978A600106633 /* OAAsynchronousDataFetcher.m */ = {isa = PBXFileReference; fileEncoding = 4; lastKnownFileType = sourcecode.c.objc; path = OAAsynchronousDataFetcher.m; sourceTree = "<group>"; };
		C3516B9B132978A600106633 /* OAConsumer.h */ = {isa = PBXFileReference; fileEncoding = 4; lastKnownFileType = sourcecode.c.h; path = OAConsumer.h; sourceTree = "<group>"; };
		C3516B9C132978A600106633 /* OAConsumer.m */ = {isa = PBXFileReference; fileEncoding = 4; lastKnownFileType = sourcecode.c.objc; path = OAConsumer.m; sourceTree = "<group>"; };
		C3516B9D132978A600106633 /* OADataFetcher.h */ = {isa = PBXFileReference; fileEncoding = 4; lastKnownFileType = sourcecode.c.h; path = OADataFetcher.h; sourceTree = "<group>"; };
		C3516B9E132978A600106633 /* OADataFetcher.m */ = {isa = PBXFileReference; fileEncoding = 4; lastKnownFileType = sourcecode.c.objc; path = OADataFetcher.m; sourceTree = "<group>"; };
		C3516B9F132978A600106633 /* OAHMAC_SHA1SignatureProvider.h */ = {isa = PBXFileReference; fileEncoding = 4; lastKnownFileType = sourcecode.c.h; path = OAHMAC_SHA1SignatureProvider.h; sourceTree = "<group>"; };
		C3516BA0132978A600106633 /* OAHMAC_SHA1SignatureProvider.m */ = {isa = PBXFileReference; fileEncoding = 4; lastKnownFileType = sourcecode.c.objc; path = OAHMAC_SHA1SignatureProvider.m; sourceTree = "<group>"; };
		C3516BA1132978A600106633 /* OAMutableURLRequest.h */ = {isa = PBXFileReference; fileEncoding = 4; lastKnownFileType = sourcecode.c.h; path = OAMutableURLRequest.h; sourceTree = "<group>"; };
		C3516BA2132978A600106633 /* OAMutableURLRequest.m */ = {isa = PBXFileReference; fileEncoding = 4; lastKnownFileType = sourcecode.c.objc; path = OAMutableURLRequest.m; sourceTree = "<group>"; };
		C3516BA3132978A600106633 /* OAPlaintextSignatureProvider.h */ = {isa = PBXFileReference; fileEncoding = 4; lastKnownFileType = sourcecode.c.h; path = OAPlaintextSignatureProvider.h; sourceTree = "<group>"; };
		C3516BA4132978A600106633 /* OAPlaintextSignatureProvider.m */ = {isa = PBXFileReference; fileEncoding = 4; lastKnownFileType = sourcecode.c.objc; path = OAPlaintextSignatureProvider.m; sourceTree = "<group>"; };
		C3516BA5132978A600106633 /* OARequestParameter.h */ = {isa = PBXFileReference; fileEncoding = 4; lastKnownFileType = sourcecode.c.h; path = OARequestParameter.h; sourceTree = "<group>"; };
		C3516BA6132978A600106633 /* OARequestParameter.m */ = {isa = PBXFileReference; fileEncoding = 4; lastKnownFileType = sourcecode.c.objc; path = OARequestParameter.m; sourceTree = "<group>"; };
		C3516BA7132978A600106633 /* OAServiceTicket.h */ = {isa = PBXFileReference; fileEncoding = 4; lastKnownFileType = sourcecode.c.h; path = OAServiceTicket.h; sourceTree = "<group>"; };
		C3516BA8132978A600106633 /* OAServiceTicket.m */ = {isa = PBXFileReference; fileEncoding = 4; lastKnownFileType = sourcecode.c.objc; path = OAServiceTicket.m; sourceTree = "<group>"; };
		C3516BA9132978A600106633 /* OASignatureProviding.h */ = {isa = PBXFileReference; fileEncoding = 4; lastKnownFileType = sourcecode.c.h; path = OASignatureProviding.h; sourceTree = "<group>"; };
		C3516BAA132978A600106633 /* OAToken.h */ = {isa = PBXFileReference; fileEncoding = 4; lastKnownFileType = sourcecode.c.h; path = OAToken.h; sourceTree = "<group>"; };
		C3516BAB132978A600106633 /* OAToken.m */ = {isa = PBXFileReference; fileEncoding = 4; lastKnownFileType = sourcecode.c.objc; path = OAToken.m; sourceTree = "<group>"; };
		C3516BAC132978A600106633 /* OAuthConsumer.h */ = {isa = PBXFileReference; fileEncoding = 4; lastKnownFileType = sourcecode.c.h; path = OAuthConsumer.h; sourceTree = "<group>"; };
		C3516BAD132978A600106633 /* SHKRequest.h */ = {isa = PBXFileReference; fileEncoding = 4; lastKnownFileType = sourcecode.c.h; path = SHKRequest.h; sourceTree = "<group>"; };
		C3516BAE132978A600106633 /* SHKRequest.m */ = {isa = PBXFileReference; fileEncoding = 4; lastKnownFileType = sourcecode.c.objc; path = SHKRequest.m; sourceTree = "<group>"; };
		C3516BB2132978A600106633 /* SHKCopy.h */ = {isa = PBXFileReference; fileEncoding = 4; lastKnownFileType = sourcecode.c.h; path = SHKCopy.h; sourceTree = "<group>"; };
		C3516BB3132978A600106633 /* SHKCopy.m */ = {isa = PBXFileReference; fileEncoding = 4; lastKnownFileType = sourcecode.c.objc; path = SHKCopy.m; sourceTree = "<group>"; };
		C3516BB5132978A600106633 /* SHKMail.h */ = {isa = PBXFileReference; fileEncoding = 4; lastKnownFileType = sourcecode.c.h; path = SHKMail.h; sourceTree = "<group>"; };
		C3516BB6132978A600106633 /* SHKMail.m */ = {isa = PBXFileReference; fileEncoding = 4; lastKnownFileType = sourcecode.c.objc; path = SHKMail.m; sourceTree = "<group>"; };
		C3516BB8132978A600106633 /* SHKSafari.h */ = {isa = PBXFileReference; fileEncoding = 4; lastKnownFileType = sourcecode.c.h; path = SHKSafari.h; sourceTree = "<group>"; };
		C3516BB9132978A600106633 /* SHKSafari.m */ = {isa = PBXFileReference; fileEncoding = 4; lastKnownFileType = sourcecode.c.objc; path = SHKSafari.m; sourceTree = "<group>"; };
		C3516BBB132978A600106633 /* SHKPhotoAlbum.h */ = {isa = PBXFileReference; fileEncoding = 4; lastKnownFileType = sourcecode.c.h; path = SHKPhotoAlbum.h; sourceTree = "<group>"; };
		C3516BBC132978A600106633 /* SHKPhotoAlbum.m */ = {isa = PBXFileReference; fileEncoding = 4; lastKnownFileType = sourcecode.c.objc; path = SHKPhotoAlbum.m; sourceTree = "<group>"; };
		C3516BBF132978A600106633 /* SHKDelicious.h */ = {isa = PBXFileReference; fileEncoding = 4; lastKnownFileType = sourcecode.c.h; path = SHKDelicious.h; sourceTree = "<group>"; };
		C3516BC0132978A600106633 /* SHKDelicious.m */ = {isa = PBXFileReference; fileEncoding = 4; lastKnownFileType = sourcecode.c.objc; path = SHKDelicious.m; sourceTree = "<group>"; };
		C3516BC3132978A600106633 /* FBConnect.bundle */ = {isa = PBXFileReference; lastKnownFileType = "wrapper.plug-in"; path = FBConnect.bundle; sourceTree = "<group>"; };
		C3516BC4132978A600106633 /* FBConnect.h */ = {isa = PBXFileReference; fileEncoding = 4; lastKnownFileType = sourcecode.c.h; path = FBConnect.h; sourceTree = "<group>"; };
		C3516BC5132978A600106633 /* FBConnectGlobal.h */ = {isa = PBXFileReference; fileEncoding = 4; lastKnownFileType = sourcecode.c.h; path = FBConnectGlobal.h; sourceTree = "<group>"; };
		C3516BC6132978A600106633 /* FBConnectGlobal.m */ = {isa = PBXFileReference; fileEncoding = 4; lastKnownFileType = sourcecode.c.objc; path = FBConnectGlobal.m; sourceTree = "<group>"; };
		C3516BC7132978A600106633 /* FBDialog.h */ = {isa = PBXFileReference; fileEncoding = 4; lastKnownFileType = sourcecode.c.h; path = FBDialog.h; sourceTree = "<group>"; };
		C3516BC8132978A600106633 /* FBDialog.m */ = {isa = PBXFileReference; fileEncoding = 4; lastKnownFileType = sourcecode.c.objc; path = FBDialog.m; sourceTree = "<group>"; };
		C3516BC9132978A600106633 /* FBFeedDialog.h */ = {isa = PBXFileReference; fileEncoding = 4; lastKnownFileType = sourcecode.c.h; path = FBFeedDialog.h; sourceTree = "<group>"; };
		C3516BCA132978A600106633 /* FBFeedDialog.m */ = {isa = PBXFileReference; fileEncoding = 4; lastKnownFileType = sourcecode.c.objc; path = FBFeedDialog.m; sourceTree = "<group>"; };
		C3516BCB132978A600106633 /* FBLoginButton.h */ = {isa = PBXFileReference; fileEncoding = 4; lastKnownFileType = sourcecode.c.h; path = FBLoginButton.h; sourceTree = "<group>"; };
		C3516BCC132978A600106633 /* FBLoginButton.m */ = {isa = PBXFileReference; fileEncoding = 4; lastKnownFileType = sourcecode.c.objc; path = FBLoginButton.m; sourceTree = "<group>"; };
		C3516BCD132978A600106633 /* FBLoginDialog.h */ = {isa = PBXFileReference; fileEncoding = 4; lastKnownFileType = sourcecode.c.h; path = FBLoginDialog.h; sourceTree = "<group>"; };
		C3516BCE132978A600106633 /* FBLoginDialog.m */ = {isa = PBXFileReference; fileEncoding = 4; lastKnownFileType = sourcecode.c.objc; path = FBLoginDialog.m; sourceTree = "<group>"; };
		C3516BCF132978A600106633 /* FBPermissionDialog.h */ = {isa = PBXFileReference; fileEncoding = 4; lastKnownFileType = sourcecode.c.h; path = FBPermissionDialog.h; sourceTree = "<group>"; };
		C3516BD0132978A600106633 /* FBPermissionDialog.m */ = {isa = PBXFileReference; fileEncoding = 4; lastKnownFileType = sourcecode.c.objc; path = FBPermissionDialog.m; sourceTree = "<group>"; };
		C3516BD1132978A600106633 /* FBRequest.h */ = {isa = PBXFileReference; fileEncoding = 4; lastKnownFileType = sourcecode.c.h; path = FBRequest.h; sourceTree = "<group>"; };
		C3516BD2132978A600106633 /* FBRequest.m */ = {isa = PBXFileReference; fileEncoding = 4; lastKnownFileType = sourcecode.c.objc; path = FBRequest.m; sourceTree = "<group>"; };
		C3516BD3132978A600106633 /* FBSession.h */ = {isa = PBXFileReference; fileEncoding = 4; lastKnownFileType = sourcecode.c.h; path = FBSession.h; sourceTree = "<group>"; };
		C3516BD4132978A600106633 /* FBSession.m */ = {isa = PBXFileReference; fileEncoding = 4; lastKnownFileType = sourcecode.c.objc; path = FBSession.m; sourceTree = "<group>"; };
		C3516BD5132978A700106633 /* FBStreamDialog.h */ = {isa = PBXFileReference; fileEncoding = 4; lastKnownFileType = sourcecode.c.h; path = FBStreamDialog.h; sourceTree = "<group>"; };
		C3516BD6132978A700106633 /* FBStreamDialog.m */ = {isa = PBXFileReference; fileEncoding = 4; lastKnownFileType = sourcecode.c.objc; path = FBStreamDialog.m; sourceTree = "<group>"; };
		C3516BD7132978A700106633 /* FBXMLHandler.h */ = {isa = PBXFileReference; fileEncoding = 4; lastKnownFileType = sourcecode.c.h; path = FBXMLHandler.h; sourceTree = "<group>"; };
		C3516BD8132978A700106633 /* FBXMLHandler.m */ = {isa = PBXFileReference; fileEncoding = 4; lastKnownFileType = sourcecode.c.objc; path = FBXMLHandler.m; sourceTree = "<group>"; };
		C3516BD9132978A700106633 /* SHKFacebook.h */ = {isa = PBXFileReference; fileEncoding = 4; lastKnownFileType = sourcecode.c.h; path = SHKFacebook.h; sourceTree = "<group>"; };
		C3516BDA132978A700106633 /* SHKFacebook.m */ = {isa = PBXFileReference; fileEncoding = 4; lastKnownFileType = sourcecode.c.objc; path = SHKFacebook.m; sourceTree = "<group>"; };
		C3516BDB132978A700106633 /* SHKFBStreamDialog.h */ = {isa = PBXFileReference; fileEncoding = 4; lastKnownFileType = sourcecode.c.h; path = SHKFBStreamDialog.h; sourceTree = "<group>"; };
		C3516BDC132978A700106633 /* SHKFBStreamDialog.m */ = {isa = PBXFileReference; fileEncoding = 4; lastKnownFileType = sourcecode.c.objc; path = SHKFBStreamDialog.m; sourceTree = "<group>"; };
		C3516BDE132978A700106633 /* SHKGoogleReader.h */ = {isa = PBXFileReference; fileEncoding = 4; lastKnownFileType = sourcecode.c.h; path = SHKGoogleReader.h; sourceTree = "<group>"; };
		C3516BDF132978A700106633 /* SHKGoogleReader.m */ = {isa = PBXFileReference; fileEncoding = 4; lastKnownFileType = sourcecode.c.objc; path = SHKGoogleReader.m; sourceTree = "<group>"; };
		C3516BE1132978A700106633 /* SHKInstapaper.h */ = {isa = PBXFileReference; fileEncoding = 4; lastKnownFileType = sourcecode.c.h; path = SHKInstapaper.h; sourceTree = "<group>"; };
		C3516BE2132978A700106633 /* SHKInstapaper.m */ = {isa = PBXFileReference; fileEncoding = 4; lastKnownFileType = sourcecode.c.objc; path = SHKInstapaper.m; sourceTree = "<group>"; };
		C3516BE4132978A700106633 /* SHKPinboard.h */ = {isa = PBXFileReference; fileEncoding = 4; lastKnownFileType = sourcecode.c.h; path = SHKPinboard.h; sourceTree = "<group>"; };
		C3516BE5132978A700106633 /* SHKPinboard.m */ = {isa = PBXFileReference; fileEncoding = 4; lastKnownFileType = sourcecode.c.objc; path = SHKPinboard.m; sourceTree = "<group>"; };
		C3516BE7132978A700106633 /* SHKReadItLater.h */ = {isa = PBXFileReference; fileEncoding = 4; lastKnownFileType = sourcecode.c.h; path = SHKReadItLater.h; sourceTree = "<group>"; };
		C3516BE8132978A700106633 /* SHKReadItLater.m */ = {isa = PBXFileReference; fileEncoding = 4; lastKnownFileType = sourcecode.c.objc; path = SHKReadItLater.m; sourceTree = "<group>"; };
		C3516BEA132978A700106633 /* SHKTumblr.h */ = {isa = PBXFileReference; fileEncoding = 4; lastKnownFileType = sourcecode.c.h; path = SHKTumblr.h; sourceTree = "<group>"; };
		C3516BEB132978A700106633 /* SHKTumblr.m */ = {isa = PBXFileReference; fileEncoding = 4; lastKnownFileType = sourcecode.c.objc; path = SHKTumblr.m; sourceTree = "<group>"; };
		C3516BED132978A700106633 /* SHKTwitter.h */ = {isa = PBXFileReference; fileEncoding = 4; lastKnownFileType = sourcecode.c.h; path = SHKTwitter.h; sourceTree = "<group>"; };
		C3516BEE132978A700106633 /* SHKTwitter.m */ = {isa = PBXFileReference; fileEncoding = 4; lastKnownFileType = sourcecode.c.objc; path = SHKTwitter.m; sourceTree = "<group>"; };
		C3516BEF132978A700106633 /* SHKTwitterForm.h */ = {isa = PBXFileReference; fileEncoding = 4; lastKnownFileType = sourcecode.c.h; path = SHKTwitterForm.h; sourceTree = "<group>"; };
		C3516BF0132978A700106633 /* SHKTwitterForm.m */ = {isa = PBXFileReference; fileEncoding = 4; lastKnownFileType = sourcecode.c.objc; path = SHKTwitterForm.m; sourceTree = "<group>"; };
		C3516BF2132978A700106633 /* SHKActionSheet.h */ = {isa = PBXFileReference; fileEncoding = 4; lastKnownFileType = sourcecode.c.h; path = SHKActionSheet.h; sourceTree = "<group>"; };
		C3516BF3132978A700106633 /* SHKActionSheet.m */ = {isa = PBXFileReference; fileEncoding = 4; lastKnownFileType = sourcecode.c.objc; path = SHKActionSheet.m; sourceTree = "<group>"; };
		C3516BF4132978A700106633 /* SHKActivityIndicator.h */ = {isa = PBXFileReference; fileEncoding = 4; lastKnownFileType = sourcecode.c.h; path = SHKActivityIndicator.h; sourceTree = "<group>"; };
		C3516BF5132978A700106633 /* SHKActivityIndicator.m */ = {isa = PBXFileReference; fileEncoding = 4; lastKnownFileType = sourcecode.c.objc; path = SHKActivityIndicator.m; sourceTree = "<group>"; };
		C3516BF6132978A700106633 /* SHKFormController.h */ = {isa = PBXFileReference; fileEncoding = 4; lastKnownFileType = sourcecode.c.h; path = SHKFormController.h; sourceTree = "<group>"; };
		C3516BF7132978A700106633 /* SHKFormController.m */ = {isa = PBXFileReference; fileEncoding = 4; lastKnownFileType = sourcecode.c.objc; path = SHKFormController.m; sourceTree = "<group>"; };
		C3516BF8132978A700106633 /* SHKFormFieldCell.h */ = {isa = PBXFileReference; fileEncoding = 4; lastKnownFileType = sourcecode.c.h; path = SHKFormFieldCell.h; sourceTree = "<group>"; };
		C3516BF9132978A700106633 /* SHKFormFieldCell.m */ = {isa = PBXFileReference; fileEncoding = 4; lastKnownFileType = sourcecode.c.objc; path = SHKFormFieldCell.m; sourceTree = "<group>"; };
		C3516BFA132978A700106633 /* SHKFormFieldSettings.h */ = {isa = PBXFileReference; fileEncoding = 4; lastKnownFileType = sourcecode.c.h; path = SHKFormFieldSettings.h; sourceTree = "<group>"; };
		C3516BFB132978A700106633 /* SHKFormFieldSettings.m */ = {isa = PBXFileReference; fileEncoding = 4; lastKnownFileType = sourcecode.c.objc; path = SHKFormFieldSettings.m; sourceTree = "<group>"; };
		C3516BFC132978A700106633 /* SHKShareMenu.h */ = {isa = PBXFileReference; fileEncoding = 4; lastKnownFileType = sourcecode.c.h; path = SHKShareMenu.h; sourceTree = "<group>"; };
		C3516BFD132978A700106633 /* SHKShareMenu.m */ = {isa = PBXFileReference; fileEncoding = 4; lastKnownFileType = sourcecode.c.objc; path = SHKShareMenu.m; sourceTree = "<group>"; };
		C3516BFE132978A700106633 /* SHKOAuthView.h */ = {isa = PBXFileReference; fileEncoding = 4; lastKnownFileType = sourcecode.c.h; path = SHKOAuthView.h; sourceTree = "<group>"; };
		C3516BFF132978A700106633 /* SHKOAuthView.m */ = {isa = PBXFileReference; fileEncoding = 4; lastKnownFileType = sourcecode.c.objc; path = SHKOAuthView.m; sourceTree = "<group>"; };
		C3516C00132978A700106633 /* SHKViewControllerWrapper.h */ = {isa = PBXFileReference; fileEncoding = 4; lastKnownFileType = sourcecode.c.h; path = SHKViewControllerWrapper.h; sourceTree = "<group>"; };
		C3516C01132978A700106633 /* SHKViewControllerWrapper.m */ = {isa = PBXFileReference; fileEncoding = 4; lastKnownFileType = sourcecode.c.objc; path = SHKViewControllerWrapper.m; sourceTree = "<group>"; };
		C3516C03132978A700106633 /* Reachability.h */ = {isa = PBXFileReference; fileEncoding = 4; lastKnownFileType = sourcecode.c.h; path = Reachability.h; sourceTree = "<group>"; };
		C3516C04132978A700106633 /* Reachability.m */ = {isa = PBXFileReference; fileEncoding = 4; lastKnownFileType = sourcecode.c.objc; path = Reachability.m; sourceTree = "<group>"; };
		C3516C7513297C1400106633 /* MessageUI.framework */ = {isa = PBXFileReference; lastKnownFileType = wrapper.framework; name = MessageUI.framework; path = System/Library/Frameworks/MessageUI.framework; sourceTree = SDKROOT; };
		C3516C7713297C1400106633 /* Security.framework */ = {isa = PBXFileReference; lastKnownFileType = wrapper.framework; name = Security.framework; path = System/Library/Frameworks/Security.framework; sourceTree = SDKROOT; };
		C3516C7913297C1400106633 /* SystemConfiguration.framework */ = {isa = PBXFileReference; lastKnownFileType = wrapper.framework; name = SystemConfiguration.framework; path = System/Library/Frameworks/SystemConfiguration.framework; sourceTree = SDKROOT; };
		C357A9871329C6B9008FB8E4 /* JJGWebView.h */ = {isa = PBXFileReference; fileEncoding = 4; lastKnownFileType = sourcecode.c.h; path = JJGWebView.h; sourceTree = "<group>"; };
		C357A9881329C6B9008FB8E4 /* JJGWebView.m */ = {isa = PBXFileReference; fileEncoding = 4; lastKnownFileType = sourcecode.c.objc; path = JJGWebView.m; sourceTree = "<group>"; };
		C357A98A1329C6B9008FB8E4 /* back-arrow.png */ = {isa = PBXFileReference; lastKnownFileType = image.png; path = "back-arrow.png"; sourceTree = "<group>"; };
		C357A98B1329C6B9008FB8E4 /* back-arrow@2x.png */ = {isa = PBXFileReference; lastKnownFileType = image.png; path = "back-arrow@2x.png"; sourceTree = "<group>"; };
		C357A98C1329C6B9008FB8E4 /* forward-arrow.png */ = {isa = PBXFileReference; lastKnownFileType = image.png; path = "forward-arrow.png"; sourceTree = "<group>"; };
		C357A98D1329C6B9008FB8E4 /* forward-arrow@2x.png */ = {isa = PBXFileReference; lastKnownFileType = image.png; path = "forward-arrow@2x.png"; sourceTree = "<group>"; };
		C357A98E1329C6B9008FB8E4 /* JJGWebView.xib */ = {isa = PBXFileReference; lastKnownFileType = file.xib; path = JJGWebView.xib; sourceTree = "<group>"; };
/* End PBXFileReference section */

/* Begin PBXFrameworksBuildPhase section */
		1D60588F0D05DD3D006BFB54 /* Frameworks */ = {
			isa = PBXFrameworksBuildPhase;
			buildActionMask = 2147483647;
			files = (
				1D60589F0D05DD5A006BFB54 /* Foundation.framework in Frameworks */,
				1DF5F4E00D08C38300B7A737 /* UIKit.framework in Frameworks */,
				288765A50DF7441C002DB57D /* CoreGraphics.framework in Frameworks */,
				C3516C7613297C1400106633 /* MessageUI.framework in Frameworks */,
				C3516C7813297C1400106633 /* Security.framework in Frameworks */,
				C3516C7A13297C1400106633 /* SystemConfiguration.framework in Frameworks */,
			);
			runOnlyForDeploymentPostprocessing = 0;
		};
/* End PBXFrameworksBuildPhase section */

/* Begin PBXGroup section */
		080E96DDFE201D6D7F000001 /* Classes */ = {
			isa = PBXGroup;
			children = (
				1D3623240D0F684500981E51 /* JJGWebViewAppDelegate.h */,
				1D3623250D0F684500981E51 /* JJGWebViewAppDelegate.m */,
				28D7ACF60DDB3853001CB0EB /* JJGWebViewViewController.h */,
				28D7ACF70DDB3853001CB0EB /* JJGWebViewViewController.m */,
			);
			path = Classes;
			sourceTree = "<group>";
		};
		19C28FACFE9D520D11CA2CBB /* Products */ = {
			isa = PBXGroup;
			children = (
				1D6058910D05DD3D006BFB54 /* JJGWebView.app */,
			);
			name = Products;
			sourceTree = "<group>";
		};
		29B97314FDCFA39411CA2CEA /* CustomTemplate */ = {
			isa = PBXGroup;
			children = (
				C357A9851329C6B9008FB8E4 /* JJGWebView */,
				C3516B68132978A500106633 /* ShareKit */,
				080E96DDFE201D6D7F000001 /* Classes */,
				29B97315FDCFA39411CA2CEA /* Other Sources */,
				29B97317FDCFA39411CA2CEA /* Resources */,
				29B97323FDCFA39411CA2CEA /* Frameworks */,
				19C28FACFE9D520D11CA2CBB /* Products */,
			);
			name = CustomTemplate;
			sourceTree = "<group>";
		};
		29B97315FDCFA39411CA2CEA /* Other Sources */ = {
			isa = PBXGroup;
			children = (
				32CA4F630368D1EE00C91783 /* JJGWebView_Prefix.pch */,
				29B97316FDCFA39411CA2CEA /* main.m */,
			);
			name = "Other Sources";
			sourceTree = "<group>";
		};
		29B97317FDCFA39411CA2CEA /* Resources */ = {
			isa = PBXGroup;
			children = (
				C31CA5E71329C34B006AF5B0 /* Icon */,
				2899E5210DE3E06400AC0155 /* JJGWebViewViewController.xib */,
				28AD733E0D9D9553002E5188 /* MainWindow.xib */,
				8D1107310486CEB800E47090 /* JJGWebView-Info.plist */,
			);
			name = Resources;
			sourceTree = "<group>";
		};
		29B97323FDCFA39411CA2CEA /* Frameworks */ = {
			isa = PBXGroup;
			children = (
				1DF5F4DF0D08C38300B7A737 /* UIKit.framework */,
				1D30AB110D05D00D00671497 /* Foundation.framework */,
				288765A40DF7441C002DB57D /* CoreGraphics.framework */,
			);
			name = Frameworks;
			sourceTree = "<group>";
		};
		C31CA5E71329C34B006AF5B0 /* Icon */ = {
			isa = PBXGroup;
			children = (
				C31CA5E91329C355006AF5B0 /* icon-29.png */,
				C31CA5EA1329C355006AF5B0 /* icon-57.png */,
				C31CA5EB1329C355006AF5B0 /* icon-72.png */,
				C31CA5EC1329C355006AF5B0 /* icon-114.png */,
				C31CA5ED1329C355006AF5B0 /* iTunesArtwork */,
			);
			name = Icon;
			sourceTree = "<group>";
		};
		C3516B68132978A500106633 /* ShareKit */ = {
			isa = PBXGroup;
			children = (
				C3516B69132978A500106633 /* SHKConfig.h */,
				C3516B6A132978A500106633 /* Customize UI */,
				C3516B75132978A600106633 /* Core */,
				C3516BAF132978A600106633 /* Sharers */,
				C3516BF1132978A700106633 /* UI */,
				C3516C02132978A700106633 /* Reachability */,
				C3516C7513297C1400106633 /* MessageUI.framework */,
				C3516C7713297C1400106633 /* Security.framework */,
				C3516C7913297C1400106633 /* SystemConfiguration.framework */,
			);
			path = ShareKit;
			sourceTree = "<group>";
		};
		C3516B6A132978A500106633 /* Customize UI */ = {
			isa = PBXGroup;
			children = (
				C3516B70132978A600106633 /* Form */,
				C3516B6B132978A500106633 /* Share Menu */,
			);
			path = "Customize UI";
			sourceTree = "<group>";
		};
		C3516B6B132978A500106633 /* Share Menu */ = {
			isa = PBXGroup;
			children = (
				C3516B6C132978A500106633 /* SHKCustomShareMenu.h */,
				C3516B6D132978A500106633 /* SHKCustomShareMenu.m */,
				C3516B6E132978A600106633 /* SHKCustomShareMenuCell.h */,
				C3516B6F132978A600106633 /* SHKCustomShareMenuCell.m */,
			);
			name = "Share Menu";
			sourceTree = "<group>";
		};
		C3516B70132978A600106633 /* Form */ = {
			isa = PBXGroup;
			children = (
				C3516B71132978A600106633 /* SHKCustomFormController.h */,
				C3516B72132978A600106633 /* SHKCustomFormController.m */,
				C3516B73132978A600106633 /* SHKCustomFormFieldCell.h */,
				C3516B74132978A600106633 /* SHKCustomFormFieldCell.m */,
			);
			name = Form;
			sourceTree = "<group>";
		};
		C3516B75132978A600106633 /* Core */ = {
			isa = PBXGroup;
			children = (
				C3516B77132978A600106633 /* SHKSharers.plist */,
				C3516B78132978A600106633 /* SHK.h */,
				C3516B79132978A600106633 /* SHK.m */,
				C3516B7A132978A600106633 /* SHKItem.h */,
				C3516B7B132978A600106633 /* SHKItem.m */,
				C3516B7C132978A600106633 /* SHKOfflineSharer.h */,
				C3516B7D132978A600106633 /* SHKOfflineSharer.m */,
				C3516B7E132978A600106633 /* Base Sharer Classes */,
				C3516B83132978A600106633 /* Categories */,
				C3516B86132978A600106633 /* Helpers */,
				C3516B76132978A600106633 /* Localization */,
			);
			path = Core;
			sourceTree = "<group>";
		};
		C3516B76132978A600106633 /* Localization */ = {
			isa = PBXGroup;
			children = (
			);
			name = Localization;
			sourceTree = "<group>";
		};
		C3516B7E132978A600106633 /* Base Sharer Classes */ = {
			isa = PBXGroup;
			children = (
				C3516B7F132978A600106633 /* SHKOAuthSharer.h */,
				C3516B80132978A600106633 /* SHKOAuthSharer.m */,
				C3516B81132978A600106633 /* SHKSharer.h */,
				C3516B82132978A600106633 /* SHKSharer.m */,
			);
			path = "Base Sharer Classes";
			sourceTree = "<group>";
		};
		C3516B83132978A600106633 /* Categories */ = {
			isa = PBXGroup;
			children = (
				C3516B84132978A600106633 /* UIWebView+SHK.h */,
				C3516B85132978A600106633 /* UIWebView+SHK.m */,
			);
			path = Categories;
			sourceTree = "<group>";
		};
		C3516B86132978A600106633 /* Helpers */ = {
			isa = PBXGroup;
			children = (
				C3516B87132978A600106633 /* Keychain */,
				C3516B8A132978A600106633 /* OAuth */,
				C3516BAD132978A600106633 /* SHKRequest.h */,
				C3516BAE132978A600106633 /* SHKRequest.m */,
			);
			path = Helpers;
			sourceTree = "<group>";
		};
		C3516B87132978A600106633 /* Keychain */ = {
			isa = PBXGroup;
			children = (
				C3516B88132978A600106633 /* SFHFKeychainUtils.h */,
				C3516B89132978A600106633 /* SFHFKeychainUtils.m */,
			);
			path = Keychain;
			sourceTree = "<group>";
		};
		C3516B8A132978A600106633 /* OAuth */ = {
			isa = PBXGroup;
			children = (
				C3516B8B132978A600106633 /* Categories */,
				C3516B92132978A600106633 /* Crytpo */,
				C3516B99132978A600106633 /* OAAsynchronousDataFetcher.h */,
				C3516B9A132978A600106633 /* OAAsynchronousDataFetcher.m */,
				C3516B9B132978A600106633 /* OAConsumer.h */,
				C3516B9C132978A600106633 /* OAConsumer.m */,
				C3516B9D132978A600106633 /* OADataFetcher.h */,
				C3516B9E132978A600106633 /* OADataFetcher.m */,
				C3516B9F132978A600106633 /* OAHMAC_SHA1SignatureProvider.h */,
				C3516BA0132978A600106633 /* OAHMAC_SHA1SignatureProvider.m */,
				C3516BA1132978A600106633 /* OAMutableURLRequest.h */,
				C3516BA2132978A600106633 /* OAMutableURLRequest.m */,
				C3516BA3132978A600106633 /* OAPlaintextSignatureProvider.h */,
				C3516BA4132978A600106633 /* OAPlaintextSignatureProvider.m */,
				C3516BA5132978A600106633 /* OARequestParameter.h */,
				C3516BA6132978A600106633 /* OARequestParameter.m */,
				C3516BA7132978A600106633 /* OAServiceTicket.h */,
				C3516BA8132978A600106633 /* OAServiceTicket.m */,
				C3516BA9132978A600106633 /* OASignatureProviding.h */,
				C3516BAA132978A600106633 /* OAToken.h */,
				C3516BAB132978A600106633 /* OAToken.m */,
				C3516BAC132978A600106633 /* OAuthConsumer.h */,
			);
			path = OAuth;
			sourceTree = "<group>";
		};
		C3516B8B132978A600106633 /* Categories */ = {
			isa = PBXGroup;
			children = (
				C3516B8C132978A600106633 /* NSMutableURLRequest+Parameters.h */,
				C3516B8D132978A600106633 /* NSMutableURLRequest+Parameters.m */,
				C3516B8E132978A600106633 /* NSString+URLEncoding.h */,
				C3516B8F132978A600106633 /* NSString+URLEncoding.m */,
				C3516B90132978A600106633 /* NSURL+Base.h */,
				C3516B91132978A600106633 /* NSURL+Base.m */,
			);
			path = Categories;
			sourceTree = "<group>";
		};
		C3516B92132978A600106633 /* Crytpo */ = {
			isa = PBXGroup;
			children = (
				C3516B93132978A600106633 /* Base64Transcoder.c */,
				C3516B94132978A600106633 /* Base64Transcoder.h */,
				C3516B95132978A600106633 /* hmac.c */,
				C3516B96132978A600106633 /* hmac.h */,
				C3516B97132978A600106633 /* sha1.c */,
				C3516B98132978A600106633 /* sha1.h */,
			);
			path = Crytpo;
			sourceTree = "<group>";
		};
		C3516BAF132978A600106633 /* Sharers */ = {
			isa = PBXGroup;
			children = (
				C3516BB0132978A600106633 /* Actions */,
				C3516BBD132978A600106633 /* Services */,
			);
			path = Sharers;
			sourceTree = "<group>";
		};
		C3516BB0132978A600106633 /* Actions */ = {
			isa = PBXGroup;
			children = (
				C3516BB1132978A600106633 /* Copy */,
				C3516BB4132978A600106633 /* Email */,
				C3516BB7132978A600106633 /* Open in Safari */,
				C3516BBA132978A600106633 /* Save to Album */,
			);
			path = Actions;
			sourceTree = "<group>";
		};
		C3516BB1132978A600106633 /* Copy */ = {
			isa = PBXGroup;
			children = (
				C3516BB2132978A600106633 /* SHKCopy.h */,
				C3516BB3132978A600106633 /* SHKCopy.m */,
			);
			path = Copy;
			sourceTree = "<group>";
		};
		C3516BB4132978A600106633 /* Email */ = {
			isa = PBXGroup;
			children = (
				C3516BB5132978A600106633 /* SHKMail.h */,
				C3516BB6132978A600106633 /* SHKMail.m */,
			);
			path = Email;
			sourceTree = "<group>";
		};
		C3516BB7132978A600106633 /* Open in Safari */ = {
			isa = PBXGroup;
			children = (
				C3516BB8132978A600106633 /* SHKSafari.h */,
				C3516BB9132978A600106633 /* SHKSafari.m */,
			);
			path = "Open in Safari";
			sourceTree = "<group>";
		};
		C3516BBA132978A600106633 /* Save to Album */ = {
			isa = PBXGroup;
			children = (
				C3516BBB132978A600106633 /* SHKPhotoAlbum.h */,
				C3516BBC132978A600106633 /* SHKPhotoAlbum.m */,
			);
			path = "Save to Album";
			sourceTree = "<group>";
		};
		C3516BBD132978A600106633 /* Services */ = {
			isa = PBXGroup;
			children = (
				C3516BBE132978A600106633 /* Delicious */,
				C3516BC1132978A600106633 /* Facebook */,
				C3516BDD132978A700106633 /* Google Reader */,
				C3516BE0132978A700106633 /* Instapaper */,
				C3516BE3132978A700106633 /* Pinboard */,
				C3516BE6132978A700106633 /* Read It Later */,
				C3516BE9132978A700106633 /* Tumblr */,
				C3516BEC132978A700106633 /* Twitter */,
			);
			path = Services;
			sourceTree = "<group>";
		};
		C3516BBE132978A600106633 /* Delicious */ = {
			isa = PBXGroup;
			children = (
				C3516BBF132978A600106633 /* SHKDelicious.h */,
				C3516BC0132978A600106633 /* SHKDelicious.m */,
			);
			path = Delicious;
			sourceTree = "<group>";
		};
		C3516BC1132978A600106633 /* Facebook */ = {
			isa = PBXGroup;
			children = (
				C3516BC2132978A600106633 /* FBConnect */,
				C3516BD9132978A700106633 /* SHKFacebook.h */,
				C3516BDA132978A700106633 /* SHKFacebook.m */,
				C3516BDB132978A700106633 /* SHKFBStreamDialog.h */,
				C3516BDC132978A700106633 /* SHKFBStreamDialog.m */,
			);
			path = Facebook;
			sourceTree = "<group>";
		};
		C3516BC2132978A600106633 /* FBConnect */ = {
			isa = PBXGroup;
			children = (
				C3516BC3132978A600106633 /* FBConnect.bundle */,
				C3516BC4132978A600106633 /* FBConnect.h */,
				C3516BC5132978A600106633 /* FBConnectGlobal.h */,
				C3516BC6132978A600106633 /* FBConnectGlobal.m */,
				C3516BC7132978A600106633 /* FBDialog.h */,
				C3516BC8132978A600106633 /* FBDialog.m */,
				C3516BC9132978A600106633 /* FBFeedDialog.h */,
				C3516BCA132978A600106633 /* FBFeedDialog.m */,
				C3516BCB132978A600106633 /* FBLoginButton.h */,
				C3516BCC132978A600106633 /* FBLoginButton.m */,
				C3516BCD132978A600106633 /* FBLoginDialog.h */,
				C3516BCE132978A600106633 /* FBLoginDialog.m */,
				C3516BCF132978A600106633 /* FBPermissionDialog.h */,
				C3516BD0132978A600106633 /* FBPermissionDialog.m */,
				C3516BD1132978A600106633 /* FBRequest.h */,
				C3516BD2132978A600106633 /* FBRequest.m */,
				C3516BD3132978A600106633 /* FBSession.h */,
				C3516BD4132978A600106633 /* FBSession.m */,
				C3516BD5132978A700106633 /* FBStreamDialog.h */,
				C3516BD6132978A700106633 /* FBStreamDialog.m */,
				C3516BD7132978A700106633 /* FBXMLHandler.h */,
				C3516BD8132978A700106633 /* FBXMLHandler.m */,
			);
			path = FBConnect;
			sourceTree = "<group>";
		};
		C3516BDD132978A700106633 /* Google Reader */ = {
			isa = PBXGroup;
			children = (
				C3516BDE132978A700106633 /* SHKGoogleReader.h */,
				C3516BDF132978A700106633 /* SHKGoogleReader.m */,
			);
			path = "Google Reader";
			sourceTree = "<group>";
		};
		C3516BE0132978A700106633 /* Instapaper */ = {
			isa = PBXGroup;
			children = (
				C3516BE1132978A700106633 /* SHKInstapaper.h */,
				C3516BE2132978A700106633 /* SHKInstapaper.m */,
			);
			path = Instapaper;
			sourceTree = "<group>";
		};
		C3516BE3132978A700106633 /* Pinboard */ = {
			isa = PBXGroup;
			children = (
				C3516BE4132978A700106633 /* SHKPinboard.h */,
				C3516BE5132978A700106633 /* SHKPinboard.m */,
			);
			path = Pinboard;
			sourceTree = "<group>";
		};
		C3516BE6132978A700106633 /* Read It Later */ = {
			isa = PBXGroup;
			children = (
				C3516BE7132978A700106633 /* SHKReadItLater.h */,
				C3516BE8132978A700106633 /* SHKReadItLater.m */,
			);
			path = "Read It Later";
			sourceTree = "<group>";
		};
		C3516BE9132978A700106633 /* Tumblr */ = {
			isa = PBXGroup;
			children = (
				C3516BEA132978A700106633 /* SHKTumblr.h */,
				C3516BEB132978A700106633 /* SHKTumblr.m */,
			);
			path = Tumblr;
			sourceTree = "<group>";
		};
		C3516BEC132978A700106633 /* Twitter */ = {
			isa = PBXGroup;
			children = (
				C3516BED132978A700106633 /* SHKTwitter.h */,
				C3516BEE132978A700106633 /* SHKTwitter.m */,
				C3516BEF132978A700106633 /* SHKTwitterForm.h */,
				C3516BF0132978A700106633 /* SHKTwitterForm.m */,
			);
			path = Twitter;
			sourceTree = "<group>";
		};
		C3516BF1132978A700106633 /* UI */ = {
			isa = PBXGroup;
			children = (
				C3516BF2132978A700106633 /* SHKActionSheet.h */,
				C3516BF3132978A700106633 /* SHKActionSheet.m */,
				C3516BF4132978A700106633 /* SHKActivityIndicator.h */,
				C3516BF5132978A700106633 /* SHKActivityIndicator.m */,
				C3516BF6132978A700106633 /* SHKFormController.h */,
				C3516BF7132978A700106633 /* SHKFormController.m */,
				C3516BF8132978A700106633 /* SHKFormFieldCell.h */,
				C3516BF9132978A700106633 /* SHKFormFieldCell.m */,
				C3516BFA132978A700106633 /* SHKFormFieldSettings.h */,
				C3516BFB132978A700106633 /* SHKFormFieldSettings.m */,
				C3516BFC132978A700106633 /* SHKShareMenu.h */,
				C3516BFD132978A700106633 /* SHKShareMenu.m */,
				C3516BFE132978A700106633 /* SHKOAuthView.h */,
				C3516BFF132978A700106633 /* SHKOAuthView.m */,
				C3516C00132978A700106633 /* SHKViewControllerWrapper.h */,
				C3516C01132978A700106633 /* SHKViewControllerWrapper.m */,
			);
			path = UI;
			sourceTree = "<group>";
		};
		C3516C02132978A700106633 /* Reachability */ = {
			isa = PBXGroup;
			children = (
				C3516C03132978A700106633 /* Reachability.h */,
				C3516C04132978A700106633 /* Reachability.m */,
			);
			path = Reachability;
			sourceTree = "<group>";
		};
		C357A9851329C6B9008FB8E4 /* JJGWebView */ = {
			isa = PBXGroup;
			children = (
				C357A9861329C6B9008FB8E4 /* Classes */,
				C357A9891329C6B9008FB8E4 /* Resources */,
			);
			path = JJGWebView;
			sourceTree = "<group>";
		};
		C357A9861329C6B9008FB8E4 /* Classes */ = {
			isa = PBXGroup;
			children = (
				C357A9871329C6B9008FB8E4 /* JJGWebView.h */,
				C357A9881329C6B9008FB8E4 /* JJGWebView.m */,
			);
			path = Classes;
			sourceTree = "<group>";
		};
		C357A9891329C6B9008FB8E4 /* Resources */ = {
			isa = PBXGroup;
			children = (
				C357A98A1329C6B9008FB8E4 /* back-arrow.png */,
				C357A98B1329C6B9008FB8E4 /* back-arrow@2x.png */,
				C357A98C1329C6B9008FB8E4 /* forward-arrow.png */,
				C357A98D1329C6B9008FB8E4 /* forward-arrow@2x.png */,
				C357A98E1329C6B9008FB8E4 /* JJGWebView.xib */,
			);
			path = Resources;
			sourceTree = "<group>";
		};
/* End PBXGroup section */

/* Begin PBXNativeTarget section */
		1D6058900D05DD3D006BFB54 /* JJGWebView */ = {
			isa = PBXNativeTarget;
			buildConfigurationList = 1D6058960D05DD3E006BFB54 /* Build configuration list for PBXNativeTarget "JJGWebView" */;
			buildPhases = (
				1D60588D0D05DD3D006BFB54 /* Resources */,
				1D60588E0D05DD3D006BFB54 /* Sources */,
				1D60588F0D05DD3D006BFB54 /* Frameworks */,
			);
			buildRules = (
			);
			dependencies = (
			);
			name = JJGWebView;
			productName = JJGWebView;
			productReference = 1D6058910D05DD3D006BFB54 /* JJGWebView.app */;
			productType = "com.apple.product-type.application";
		};
/* End PBXNativeTarget section */

/* Begin PBXProject section */
		29B97313FDCFA39411CA2CEA /* Project object */ = {
			isa = PBXProject;
			buildConfigurationList = C01FCF4E08A954540054247B /* Build configuration list for PBXProject "JJGWebView" */;
			compatibilityVersion = "Xcode 3.1";
			developmentRegion = English;
			hasScannedForEncodings = 1;
			knownRegions = (
				English,
				Japanese,
				French,
				German,
			);
			mainGroup = 29B97314FDCFA39411CA2CEA /* CustomTemplate */;
			projectDirPath = "";
			projectRoot = "";
			targets = (
				1D6058900D05DD3D006BFB54 /* JJGWebView */,
			);
		};
/* End PBXProject section */

/* Begin PBXResourcesBuildPhase section */
		1D60588D0D05DD3D006BFB54 /* Resources */ = {
			isa = PBXResourcesBuildPhase;
			buildActionMask = 2147483647;
			files = (
				28AD733F0D9D9553002E5188 /* MainWindow.xib in Resources */,
				2899E5220DE3E06400AC0155 /* JJGWebViewViewController.xib in Resources */,
				C3516C09132978A700106633 /* SHKSharers.plist in Resources */,
				C3516C26132978A700106633 /* FBConnect.bundle in Resources */,
				C31CA5EE1329C355006AF5B0 /* icon-29.png in Resources */,
				C31CA5EF1329C355006AF5B0 /* icon-57.png in Resources */,
				C31CA5F01329C355006AF5B0 /* icon-72.png in Resources */,
				C31CA5F11329C355006AF5B0 /* icon-114.png in Resources */,
				C31CA5F21329C355006AF5B0 /* iTunesArtwork in Resources */,
				C357A9901329C6BA008FB8E4 /* back-arrow.png in Resources */,
				C357A9911329C6BA008FB8E4 /* back-arrow@2x.png in Resources */,
				C357A9921329C6BA008FB8E4 /* forward-arrow.png in Resources */,
				C357A9931329C6BA008FB8E4 /* forward-arrow@2x.png in Resources */,
				C357A9941329C6BA008FB8E4 /* JJGWebView.xib in Resources */,
			);
			runOnlyForDeploymentPostprocessing = 0;
		};
/* End PBXResourcesBuildPhase section */

/* Begin PBXSourcesBuildPhase section */
		1D60588E0D05DD3D006BFB54 /* Sources */ = {
			isa = PBXSourcesBuildPhase;
			buildActionMask = 2147483647;
			files = (
				1D60589B0D05DD56006BFB54 /* main.m in Sources */,
				1D3623260D0F684500981E51 /* JJGWebViewAppDelegate.m in Sources */,
				28D7ACF80DDB3853001CB0EB /* JJGWebViewViewController.m in Sources */,
				C3516C05132978A700106633 /* SHKCustomShareMenu.m in Sources */,
				C3516C06132978A700106633 /* SHKCustomShareMenuCell.m in Sources */,
				C3516C07132978A700106633 /* SHKCustomFormController.m in Sources */,
				C3516C08132978A700106633 /* SHKCustomFormFieldCell.m in Sources */,
				C3516C0A132978A700106633 /* SHK.m in Sources */,
				C3516C0B132978A700106633 /* SHKItem.m in Sources */,
				C3516C0C132978A700106633 /* SHKOfflineSharer.m in Sources */,
				C3516C0D132978A700106633 /* SHKOAuthSharer.m in Sources */,
				C3516C0E132978A700106633 /* SHKSharer.m in Sources */,
				C3516C0F132978A700106633 /* UIWebView+SHK.m in Sources */,
				C3516C10132978A700106633 /* SFHFKeychainUtils.m in Sources */,
				C3516C11132978A700106633 /* NSMutableURLRequest+Parameters.m in Sources */,
				C3516C12132978A700106633 /* NSString+URLEncoding.m in Sources */,
				C3516C13132978A700106633 /* NSURL+Base.m in Sources */,
				C3516C14132978A700106633 /* Base64Transcoder.c in Sources */,
				C3516C15132978A700106633 /* hmac.c in Sources */,
				C3516C16132978A700106633 /* sha1.c in Sources */,
				C3516C17132978A700106633 /* OAAsynchronousDataFetcher.m in Sources */,
				C3516C18132978A700106633 /* OAConsumer.m in Sources */,
				C3516C19132978A700106633 /* OADataFetcher.m in Sources */,
				C3516C1A132978A700106633 /* OAHMAC_SHA1SignatureProvider.m in Sources */,
				C3516C1B132978A700106633 /* OAMutableURLRequest.m in Sources */,
				C3516C1C132978A700106633 /* OAPlaintextSignatureProvider.m in Sources */,
				C3516C1D132978A700106633 /* OARequestParameter.m in Sources */,
				C3516C1E132978A700106633 /* OAServiceTicket.m in Sources */,
				C3516C1F132978A700106633 /* OAToken.m in Sources */,
				C3516C20132978A700106633 /* SHKRequest.m in Sources */,
				C3516C21132978A700106633 /* SHKCopy.m in Sources */,
				C3516C22132978A700106633 /* SHKMail.m in Sources */,
				C3516C23132978A700106633 /* SHKSafari.m in Sources */,
				C3516C24132978A700106633 /* SHKPhotoAlbum.m in Sources */,
				C3516C25132978A700106633 /* SHKDelicious.m in Sources */,
				C3516C27132978A700106633 /* FBConnectGlobal.m in Sources */,
				C3516C28132978A700106633 /* FBDialog.m in Sources */,
				C3516C29132978A700106633 /* FBFeedDialog.m in Sources */,
				C3516C2A132978A700106633 /* FBLoginButton.m in Sources */,
				C3516C2B132978A700106633 /* FBLoginDialog.m in Sources */,
				C3516C2C132978A700106633 /* FBPermissionDialog.m in Sources */,
				C3516C2D132978A700106633 /* FBRequest.m in Sources */,
				C3516C2E132978A700106633 /* FBSession.m in Sources */,
				C3516C2F132978A700106633 /* FBStreamDialog.m in Sources */,
				C3516C30132978A700106633 /* FBXMLHandler.m in Sources */,
				C3516C31132978A700106633 /* SHKFacebook.m in Sources */,
				C3516C32132978A700106633 /* SHKFBStreamDialog.m in Sources */,
				C3516C33132978A700106633 /* SHKGoogleReader.m in Sources */,
				C3516C34132978A700106633 /* SHKInstapaper.m in Sources */,
				C3516C35132978A700106633 /* SHKPinboard.m in Sources */,
				C3516C36132978A700106633 /* SHKReadItLater.m in Sources */,
				C3516C37132978A700106633 /* SHKTumblr.m in Sources */,
				C3516C38132978A700106633 /* SHKTwitter.m in Sources */,
				C3516C39132978A700106633 /* SHKTwitterForm.m in Sources */,
				C3516C3A132978A700106633 /* SHKActionSheet.m in Sources */,
				C3516C3B132978A700106633 /* SHKActivityIndicator.m in Sources */,
				C3516C3C132978A700106633 /* SHKFormController.m in Sources */,
				C3516C3D132978A700106633 /* SHKFormFieldCell.m in Sources */,
				C3516C3E132978A700106633 /* SHKFormFieldSettings.m in Sources */,
				C3516C3F132978A700106633 /* SHKShareMenu.m in Sources */,
				C3516C40132978A700106633 /* SHKOAuthView.m in Sources */,
				C3516C41132978A700106633 /* SHKViewControllerWrapper.m in Sources */,
				C3516C42132978A700106633 /* Reachability.m in Sources */,
				C357A98F1329C6B9008FB8E4 /* JJGWebView.m in Sources */,
			);
			runOnlyForDeploymentPostprocessing = 0;
		};
/* End PBXSourcesBuildPhase section */

/* Begin XCBuildConfiguration section */
		1D6058940D05DD3E006BFB54 /* Debug */ = {
			isa = XCBuildConfiguration;
			buildSettings = {
				ALWAYS_SEARCH_USER_PATHS = NO;
				COPY_PHASE_STRIP = NO;
				GCC_DYNAMIC_NO_PIC = NO;
				GCC_OPTIMIZATION_LEVEL = 0;
				GCC_PRECOMPILE_PREFIX_HEADER = YES;
				GCC_PREFIX_HEADER = JJGWebView_Prefix.pch;
				INFOPLIST_FILE = "JJGWebView-Info.plist";
				PRODUCT_NAME = JJGWebView;
			};
			name = Debug;
		};
		1D6058950D05DD3E006BFB54 /* Release */ = {
			isa = XCBuildConfiguration;
			buildSettings = {
				ALWAYS_SEARCH_USER_PATHS = NO;
				COPY_PHASE_STRIP = YES;
				GCC_PRECOMPILE_PREFIX_HEADER = YES;
				GCC_PREFIX_HEADER = JJGWebView_Prefix.pch;
				INFOPLIST_FILE = "JJGWebView-Info.plist";
				PRODUCT_NAME = JJGWebView;
				VALIDATE_PRODUCT = YES;
			};
			name = Release;
		};
		C01FCF4F08A954540054247B /* Debug */ = {
			isa = XCBuildConfiguration;
			buildSettings = {
				ARCHS = "$(ARCHS_STANDARD_32_BIT)";
				"CODE_SIGN_IDENTITY[sdk=iphoneos*]" = "iPhone Developer";
				GCC_C_LANGUAGE_STANDARD = c99;
				GCC_WARN_ABOUT_RETURN_TYPE = YES;
				GCC_WARN_UNUSED_VARIABLE = YES;
				PREBINDING = NO;
				SDKROOT = iphoneos;
			};
			name = Debug;
		};
		C01FCF5008A954540054247B /* Release */ = {
			isa = XCBuildConfiguration;
			buildSettings = {
				ARCHS = "$(ARCHS_STANDARD_32_BIT)";
				"CODE_SIGN_IDENTITY[sdk=iphoneos*]" = "iPhone Developer";
				GCC_C_LANGUAGE_STANDARD = c99;
				GCC_WARN_ABOUT_RETURN_TYPE = YES;
				GCC_WARN_UNUSED_VARIABLE = YES;
				OTHER_CFLAGS = "-DNS_BLOCK_ASSERTIONS=1";
				PREBINDING = NO;
				SDKROOT = iphoneos;
			};
			name = Release;
		};
/* End XCBuildConfiguration section */

/* Begin XCConfigurationList section */
		1D6058960D05DD3E006BFB54 /* Build configuration list for PBXNativeTarget "JJGWebView" */ = {
			isa = XCConfigurationList;
			buildConfigurations = (
				1D6058940D05DD3E006BFB54 /* Debug */,
				1D6058950D05DD3E006BFB54 /* Release */,
			);
			defaultConfigurationIsVisible = 0;
			defaultConfigurationName = Release;
		};
		C01FCF4E08A954540054247B /* Build configuration list for PBXProject "JJGWebView" */ = {
			isa = XCConfigurationList;
			buildConfigurations = (
				C01FCF4F08A954540054247B /* Debug */,
				C01FCF5008A954540054247B /* Release */,
			);
			defaultConfigurationIsVisible = 0;
			defaultConfigurationName = Release;
		};
/* End XCConfigurationList section */
	};
	rootObject = 29B97313FDCFA39411CA2CEA /* Project object */;
}
